// !$*UTF8*$!
{
	archiveVersion = 1;
	classes = {
	};
	objectVersion = 55;
	objects = {

/* Begin PBXBuildFile section */
		767B674027F9B4AF007EDB83 /* main.c in Sources */ = {isa = PBXBuildFile; fileRef = 767B673F27F9B4AF007EDB83 /* main.c */; };
/* End PBXBuildFile section */

/* Begin PBXCopyFilesBuildPhase section */
		767B673A27F9B4AF007EDB83 /* CopyFiles */ = {
			isa = PBXCopyFilesBuildPhase;
			buildActionMask = 2147483647;
			dstPath = /usr/share/man/man1/;
			dstSubfolderSpec = 0;
			files = (
			);
			runOnlyForDeploymentPostprocessing = 1;
		};
/* End PBXCopyFilesBuildPhase section */

/* Begin PBXFileReference section */
		7608964D285BB4E100323E89 /* 25083.c */ = {isa = PBXFileReference; lastKnownFileType = sourcecode.c.c; path = 25083.c; sourceTree = "<group>"; };
		7608964E285BB5FF00323E89 /* 14681.c */ = {isa = PBXFileReference; lastKnownFileType = sourcecode.c.c; path = 14681.c; sourceTree = "<group>"; };
		7608964F285BB98700323E89 /* 10872.c */ = {isa = PBXFileReference; lastKnownFileType = sourcecode.c.c; path = 10872.c; sourceTree = "<group>"; };
		76089650285BBACE00323E89 /* 15552.c */ = {isa = PBXFileReference; lastKnownFileType = sourcecode.c.c; path = 15552.c; sourceTree = "<group>"; };
		76089651285BBBAD00323E89 /* 10807.c */ = {isa = PBXFileReference; lastKnownFileType = sourcecode.c.c; path = 10807.c; sourceTree = "<group>"; };
		76089652285BBDFC00323E89 /* 5597.c */ = {isa = PBXFileReference; lastKnownFileType = sourcecode.c.c; path = 5597.c; sourceTree = "<group>"; };
		76089653285BBF2E00323E89 /* 2738.c */ = {isa = PBXFileReference; lastKnownFileType = sourcecode.c.c; path = 2738.c; sourceTree = "<group>"; };
		76089654285BBFEF00323E89 /* 2743.c */ = {isa = PBXFileReference; lastKnownFileType = sourcecode.c.c; path = 2743.c; sourceTree = "<group>"; };
		76089655285BC17900323E89 /* 2744.c */ = {isa = PBXFileReference; lastKnownFileType = sourcecode.c.c; path = 2744.c; sourceTree = "<group>"; };
		76089656285BC35C00323E89 /* 2754.c */ = {isa = PBXFileReference; lastKnownFileType = sourcecode.c.c; path = 2754.c; sourceTree = "<group>"; };
		76089657285BC48300323E89 /* 9086.c */ = {isa = PBXFileReference; lastKnownFileType = sourcecode.c.c; path = 9086.c; sourceTree = "<group>"; };
		76089658285BC6CC00323E89 /* 23037.c */ = {isa = PBXFileReference; lastKnownFileType = sourcecode.c.c; path = 23037.c; sourceTree = "<group>"; };
		76089659285CFFC000323E89 /* 11718.c */ = {isa = PBXFileReference; lastKnownFileType = sourcecode.c.c; path = 11718.c; sourceTree = "<group>"; };
		7608965A285D03A600323E89 /* 10870.c */ = {isa = PBXFileReference; lastKnownFileType = sourcecode.c.c; path = 10870.c; sourceTree = "<group>"; };
		7608965B285D13A800323E89 /* 11655.c */ = {isa = PBXFileReference; lastKnownFileType = sourcecode.c.c; path = 11655.c; sourceTree = "<group>"; };
		7608965C285D19C200323E89 /* 2846.c */ = {isa = PBXFileReference; lastKnownFileType = sourcecode.c.c; path = 2846.c; sourceTree = "<group>"; };
		7608965D285DB1DB00323E89 /* 2441.c */ = {isa = PBXFileReference; lastKnownFileType = sourcecode.c.c; path = 2441.c; sourceTree = "<group>"; };
		7608965E285DBA6000323E89 /* 2442.c */ = {isa = PBXFileReference; lastKnownFileType = sourcecode.c.c; path = 2442.c; sourceTree = "<group>"; };
		7608965F285DBAD900323E89 /* 2443.c */ = {isa = PBXFileReference; lastKnownFileType = sourcecode.c.c; path = 2443.c; sourceTree = "<group>"; };
		76089660285DBB2700323E89 /* 2444.c */ = {isa = PBXFileReference; lastKnownFileType = sourcecode.c.c; path = 2444.c; sourceTree = "<group>"; };
		76089661285DBBCA00323E89 /* 2446.c */ = {isa = PBXFileReference; lastKnownFileType = sourcecode.c.c; path = 2446.c; sourceTree = "<group>"; };
		76089662285DBD6300323E89 /* 2702.c */ = {isa = PBXFileReference; lastKnownFileType = sourcecode.c.c; path = 2702.c; sourceTree = "<group>"; };
		76089663285DD09700323E89 /* 1181.c */ = {isa = PBXFileReference; lastKnownFileType = sourcecode.c.c; path = 1181.c; sourceTree = "<group>"; };
		76089664286A257200323E89 /* 1427.c */ = {isa = PBXFileReference; lastKnownFileType = sourcecode.c.c; path = 1427.c; sourceTree = "<group>"; };
		76089665286A262A00323E89 /* 11721.c */ = {isa = PBXFileReference; lastKnownFileType = sourcecode.c.c; path = 11721.c; sourceTree = "<group>"; };
		76089666286A295300323E89 /* 10953.c */ = {isa = PBXFileReference; lastKnownFileType = sourcecode.c.c; path = 10953.c; sourceTree = "<group>"; };
		76089667286A2EB800323E89 /* 10808.c */ = {isa = PBXFileReference; lastKnownFileType = sourcecode.c.c; path = 10808.c; sourceTree = "<group>"; };
		76089668286A33C300323E89 /* 8393.c */ = {isa = PBXFileReference; lastKnownFileType = sourcecode.c.c; path = 8393.c; sourceTree = "<group>"; };
		76089669286A345800323E89 /* 11021.c */ = {isa = PBXFileReference; lastKnownFileType = sourcecode.c.c; path = 11021.c; sourceTree = "<group>"; };
		7608966A286A34A300323E89 /* 11022.c */ = {isa = PBXFileReference; lastKnownFileType = sourcecode.c.c; path = 11022.c; sourceTree = "<group>"; };
		7608966B286A3F5F00323E89 /* 2480.c */ = {isa = PBXFileReference; lastKnownFileType = sourcecode.c.c; path = 2480.c; sourceTree = "<group>"; };
		767B673C27F9B4AF007EDB83 /* baekjoon */ = {isa = PBXFileReference; explicitFileType = "compiled.mach-o.executable"; includeInIndex = 0; path = baekjoon; sourceTree = BUILT_PRODUCTS_DIR; };
		767B673F27F9B4AF007EDB83 /* main.c */ = {isa = PBXFileReference; lastKnownFileType = sourcecode.c.c; path = main.c; sourceTree = "<group>"; };
		767B674627F9B4D8007EDB83 /* 1000.c */ = {isa = PBXFileReference; lastKnownFileType = sourcecode.c.c; path = 1000.c; sourceTree = "<group>"; };
		767B674827F9B5A5007EDB83 /* 1001.c */ = {isa = PBXFileReference; lastKnownFileType = sourcecode.c.c; path = 1001.c; sourceTree = "<group>"; };
		767B674A27F9B5E9007EDB83 /* 2557.c */ = {isa = PBXFileReference; lastKnownFileType = sourcecode.c.c; path = 2557.c; sourceTree = "<group>"; };
		767B674B27F9B62F007EDB83 /* 10171.c */ = {isa = PBXFileReference; lastKnownFileType = sourcecode.c.c; path = 10171.c; sourceTree = "<group>"; };
		767B674D27F9B678007EDB83 /* 10718.c */ = {isa = PBXFileReference; lastKnownFileType = sourcecode.c.c; path = 10718.c; sourceTree = "<group>"; };
		767B674E27F9BBCB007EDB83 /* 2475.c */ = {isa = PBXFileReference; lastKnownFileType = sourcecode.c.c; path = 2475.c; sourceTree = "<group>"; };
		767B674F27F9BCBD007EDB83 /* 2558.c */ = {isa = PBXFileReference; lastKnownFileType = sourcecode.c.c; path = 2558.c; sourceTree = "<group>"; };
		767B675027F9BF13007EDB83 /* 2845.c */ = {isa = PBXFileReference; lastKnownFileType = sourcecode.c.c; path = 2845.c; sourceTree = "<group>"; };
		767B675127F9C54B007EDB83 /* 3003.c */ = {isa = PBXFileReference; lastKnownFileType = sourcecode.c.c; path = 3003.c; sourceTree = "<group>"; };
		767B675227F9C620007EDB83 /* 3046.c */ = {isa = PBXFileReference; lastKnownFileType = sourcecode.c.c; path = 3046.c; sourceTree = "<group>"; };
		767B675327F9C6E6007EDB83 /* 5337.c */ = {isa = PBXFileReference; lastKnownFileType = sourcecode.c.c; path = 5337.c; sourceTree = "<group>"; };
		767B675427F9C755007EDB83 /* 5338.c */ = {isa = PBXFileReference; lastKnownFileType = sourcecode.c.c; path = 5338.c; sourceTree = "<group>"; };
		767B675527F9C856007EDB83 /* 5339.c */ = {isa = PBXFileReference; lastKnownFileType = sourcecode.c.c; path = 5339.c; sourceTree = "<group>"; };
		767B675627F9C994007EDB83 /* 5522.c */ = {isa = PBXFileReference; lastKnownFileType = sourcecode.c.c; path = 5522.c; sourceTree = "<group>"; };
		767B675727F9CB80007EDB83 /* 6749.c */ = {isa = PBXFileReference; lastKnownFileType = sourcecode.c.c; path = 6749.c; sourceTree = "<group>"; };
		767B675827F9CC12007EDB83 /* 7287.c */ = {isa = PBXFileReference; lastKnownFileType = sourcecode.c.c; path = 7287.c; sourceTree = "<group>"; };
		767B675927F9CD68007EDB83 /* 8370.c */ = {isa = PBXFileReference; lastKnownFileType = sourcecode.c.c; path = 8370.c; sourceTree = "<group>"; };
		767B675A27F9D60D007EDB83 /* 8871.c */ = {isa = PBXFileReference; lastKnownFileType = sourcecode.c.c; path = 8871.c; sourceTree = "<group>"; };
		767B675B27FC1BD1007EDB83 /* 9653.c */ = {isa = PBXFileReference; lastKnownFileType = sourcecode.c.c; path = 9653.c; sourceTree = "<group>"; };
		767B675C27FDBC64007EDB83 /* 9654.c */ = {isa = PBXFileReference; lastKnownFileType = sourcecode.c.c; path = 9654.c; sourceTree = "<group>"; };
		767B675D27FDBD24007EDB83 /* 10170.c */ = {isa = PBXFileReference; lastKnownFileType = sourcecode.c.c; path = 10170.c; sourceTree = "<group>"; };
		767B675E27FDBDE3007EDB83 /* 10172.c */ = {isa = PBXFileReference; lastKnownFileType = sourcecode.c.c; path = 10172.c; sourceTree = "<group>"; };
		767B67622801C10A007EDB83 /* 10430.c */ = {isa = PBXFileReference; lastKnownFileType = sourcecode.c.c; path = 10430.c; sourceTree = "<group>"; };
		767B67632801C151007EDB83 /* 10699.c */ = {isa = PBXFileReference; lastKnownFileType = sourcecode.c.c; path = 10699.c; sourceTree = "<group>"; };
		767B67642801C2A0007EDB83 /* 10869.c */ = {isa = PBXFileReference; lastKnownFileType = sourcecode.c.c; path = 10869.c; sourceTree = "<group>"; };
		767B67652801C3C3007EDB83 /* 10926.c */ = {isa = PBXFileReference; lastKnownFileType = sourcecode.c.c; path = 10926.c; sourceTree = "<group>"; };
		767B67662801C468007EDB83 /* 10998.c */ = {isa = PBXFileReference; lastKnownFileType = sourcecode.c.c; path = 10998.c; sourceTree = "<group>"; };
		767B67672801C88F007EDB83 /* 11382.c */ = {isa = PBXFileReference; lastKnownFileType = sourcecode.c.c; path = 11382.c; sourceTree = "<group>"; };
		767B67682801C902007EDB83 /* 11654.c */ = {isa = PBXFileReference; lastKnownFileType = sourcecode.c.c; path = 11654.c; sourceTree = "<group>"; };
		767B67692801C92F007EDB83 /* 11942.c */ = {isa = PBXFileReference; lastKnownFileType = sourcecode.c.c; path = 11942.c; sourceTree = "<group>"; };
		767B676B2801CB8C007EDB83 /* 14645.c */ = {isa = PBXFileReference; lastKnownFileType = sourcecode.c.c; path = 14645.c; sourceTree = "<group>"; };
		767B676C2801DE31007EDB83 /* 14652.c */ = {isa = PBXFileReference; lastKnownFileType = sourcecode.c.c; path = 14652.c; sourceTree = "<group>"; };
		767B677328028E5C007EDB83 /* 15727.c */ = {isa = PBXFileReference; lastKnownFileType = sourcecode.c.c; path = 15727.c; sourceTree = "<group>"; };
		767B677428028E91007EDB83 /* 15733.c */ = {isa = PBXFileReference; lastKnownFileType = sourcecode.c.c; path = 15733.c; sourceTree = "<group>"; };
		767B6775280292E1007EDB83 /* 15894.c */ = {isa = PBXFileReference; lastKnownFileType = sourcecode.c.c; path = 15894.c; sourceTree = "<group>"; };
		767B67762802946E007EDB83 /* 15962.c */ = {isa = PBXFileReference; lastKnownFileType = sourcecode.c.c; path = 15962.c; sourceTree = "<group>"; };
		767B67772802950C007EDB83 /* 15964.c */ = {isa = PBXFileReference; lastKnownFileType = sourcecode.c.c; path = 15964.c; sourceTree = "<group>"; };
		767B677828029585007EDB83 /* 16170.c */ = {isa = PBXFileReference; lastKnownFileType = sourcecode.c.c; path = 16170.c; sourceTree = "<group>"; };
		767B677928029737007EDB83 /* 16394.c */ = {isa = PBXFileReference; lastKnownFileType = sourcecode.c.c; path = 16394.c; sourceTree = "<group>"; };
		767B677A2802980B007EDB83 /* 16430.c */ = {isa = PBXFileReference; lastKnownFileType = sourcecode.c.c; path = 16430.c; sourceTree = "<group>"; };
		767B677E280564CA007EDB83 /* 17256.c */ = {isa = PBXFileReference; lastKnownFileType = sourcecode.c.c; path = 17256.c; sourceTree = "<group>"; };
		767B677F2805651A007EDB83 /* 17295.c */ = {isa = PBXFileReference; lastKnownFileType = sourcecode.c.c; path = 17295.c; sourceTree = "<group>"; };
		767B67802805668D007EDB83 /* 17496.c */ = {isa = PBXFileReference; lastKnownFileType = sourcecode.c.c; path = 17496.c; sourceTree = "<group>"; };
		767B67812805678B007EDB83 /* 18096.c */ = {isa = PBXFileReference; lastKnownFileType = sourcecode.c.c; path = 18096.c; sourceTree = "<group>"; };
		767B678228056AB0007EDB83 /* 18108.c */ = {isa = PBXFileReference; lastKnownFileType = sourcecode.c.c; path = 18108.c; sourceTree = "<group>"; };
		767B678328056BF1007EDB83 /* 18301.c */ = {isa = PBXFileReference; lastKnownFileType = sourcecode.c.c; path = 18301.c; sourceTree = "<group>"; };
		767B678428056D13007EDB83 /* 20254.c */ = {isa = PBXFileReference; lastKnownFileType = sourcecode.c.c; path = 20254.c; sourceTree = "<group>"; };
		767B678528056E6A007EDB83 /* 20492.c */ = {isa = PBXFileReference; lastKnownFileType = sourcecode.c.c; path = 20492.c; sourceTree = "<group>"; };
		767B67862805709A007EDB83 /* 21300.c */ = {isa = PBXFileReference; lastKnownFileType = sourcecode.c.c; path = 21300.c; sourceTree = "<group>"; };
		767B67872805723E007EDB83 /* 23234.c */ = {isa = PBXFileReference; lastKnownFileType = sourcecode.c.c; path = 23234.c; sourceTree = "<group>"; };
		767B6788280572BB007EDB83 /* 24078.c */ = {isa = PBXFileReference; lastKnownFileType = sourcecode.c.c; path = 24078.c; sourceTree = "<group>"; };
		767B6789280586CD007EDB83 /* 1008.c */ = {isa = PBXFileReference; lastKnownFileType = sourcecode.c.c; path = 1008.c; sourceTree = "<group>"; };
		767B67BE280588BA007EDB83 /* 1330.c */ = {isa = PBXFileReference; lastKnownFileType = sourcecode.c.c; path = 1330.c; sourceTree = "<group>"; };
		767B67BF280598B6007EDB83 /* 1546.c */ = {isa = PBXFileReference; lastKnownFileType = sourcecode.c.c; path = 1546.c; sourceTree = "<group>"; };
		767B67C028059953007EDB83 /* 2438.c */ = {isa = PBXFileReference; lastKnownFileType = sourcecode.c.c; path = 2438.c; sourceTree = "<group>"; };
		767B67C128059A01007EDB83 /* 2439.c */ = {isa = PBXFileReference; lastKnownFileType = sourcecode.c.c; path = 2439.c; sourceTree = "<group>"; };
		767B67C228059B34007EDB83 /* 2562.c */ = {isa = PBXFileReference; lastKnownFileType = sourcecode.c.c; path = 2562.c; sourceTree = "<group>"; };
		767B67C328059DB7007EDB83 /* 11720.c */ = {isa = PBXFileReference; lastKnownFileType = sourcecode.c.c; path = 11720.c; sourceTree = "<group>"; };
		767B67C428059FA8007EDB83 /* 2739.c */ = {isa = PBXFileReference; lastKnownFileType = sourcecode.c.c; path = 2739.c; sourceTree = "<group>"; };
		767B67C62805A009007EDB83 /* 2741.c */ = {isa = PBXFileReference; lastKnownFileType = sourcecode.c.c; path = 2741.c; sourceTree = "<group>"; };
		767B67C72805A2C4007EDB83 /* 10818.c */ = {isa = PBXFileReference; lastKnownFileType = sourcecode.c.c; path = 10818.c; sourceTree = "<group>"; };
		767B67C82805A393007EDB83 /* 10871.c */ = {isa = PBXFileReference; lastKnownFileType = sourcecode.c.c; path = 10871.c; sourceTree = "<group>"; };
		767B67C92805A67D007EDB83 /* 10950.c */ = {isa = PBXFileReference; lastKnownFileType = sourcecode.c.c; path = 10950.c; sourceTree = "<group>"; };
		767B67CA2805A86E007EDB83 /* 10952.c */ = {isa = PBXFileReference; lastKnownFileType = sourcecode.c.c; path = 10952.c; sourceTree = "<group>"; };
		767B67CB2805AA52007EDB83 /* 2884.c */ = {isa = PBXFileReference; lastKnownFileType = sourcecode.c.c; path = 2884.c; sourceTree = "<group>"; };
		767B67CC2805AE5A007EDB83 /* 2908.c */ = {isa = PBXFileReference; lastKnownFileType = sourcecode.c.c; path = 2908.c; sourceTree = "<group>"; };
		767B67CD2805B372007EDB83 /* 8958.c */ = {isa = PBXFileReference; lastKnownFileType = sourcecode.c.c; path = 8958.c; sourceTree = "<group>"; };
		767B67CE2805B558007EDB83 /* 9498.c */ = {isa = PBXFileReference; lastKnownFileType = sourcecode.c.c; path = 9498.c; sourceTree = "<group>"; };
		767B67CF2805B811007EDB83 /* 10951.c */ = {isa = PBXFileReference; lastKnownFileType = sourcecode.c.c; path = 10951.c; sourceTree = "<group>"; };
		767B67D02805B9FD007EDB83 /* 2753.c */ = {isa = PBXFileReference; lastKnownFileType = sourcecode.c.c; path = 2753.c; sourceTree = "<group>"; };
		767B67D12805DEC5007EDB83 /* 2920.c */ = {isa = PBXFileReference; lastKnownFileType = sourcecode.c.c; path = 2920.c; sourceTree = "<group>"; };
		767B67D22805E38E007EDB83 /* 2577.c */ = {isa = PBXFileReference; lastKnownFileType = sourcecode.c.c; path = 2577.c; sourceTree = "<group>"; };
		767B67D32805EA26007EDB83 /* 2675.c */ = {isa = PBXFileReference; lastKnownFileType = sourcecode.c.c; path = 2675.c; sourceTree = "<group>"; };
		767B67D4280602BB007EDB83 /* 1157.c */ = {isa = PBXFileReference; lastKnownFileType = sourcecode.c.c; path = 1157.c; sourceTree = "<group>"; };
		767B67D52806B2CF007EDB83 /* 10809.c */ = {isa = PBXFileReference; lastKnownFileType = sourcecode.c.c; path = 10809.c; sourceTree = "<group>"; };
		767B67D62806BB9A007EDB83 /* 3052.c */ = {isa = PBXFileReference; lastKnownFileType = sourcecode.c.c; path = 3052.c; sourceTree = "<group>"; };
		767B67D72806CA85007EDB83 /* 11050.c */ = {isa = PBXFileReference; lastKnownFileType = sourcecode.c.c; path = 11050.c; sourceTree = "<group>"; };
		767B67D82806CEA5007EDB83 /* 4153.c */ = {isa = PBXFileReference; lastKnownFileType = sourcecode.c.c; path = 4153.c; sourceTree = "<group>"; };
		767B67D92806D140007EDB83 /* 2609.c */ = {isa = PBXFileReference; lastKnownFileType = sourcecode.c.c; path = 2609.c; sourceTree = "<group>"; };
		767B67DA2806D560007EDB83 /* 1085.c */ = {isa = PBXFileReference; lastKnownFileType = sourcecode.c.c; path = 1085.c; sourceTree = "<group>"; };
		767B67DC2806D936007EDB83 /* 1978.c */ = {isa = PBXFileReference; lastKnownFileType = sourcecode.c.c; path = 1978.c; sourceTree = "<group>"; };
		767B67DD2806F56A007EDB83 /* 1259.c */ = {isa = PBXFileReference; lastKnownFileType = sourcecode.c.c; path = 1259.c; sourceTree = "<group>"; };
		767B67DE2807E524007EDB83 /* 1110.c */ = {isa = PBXFileReference; lastKnownFileType = sourcecode.c.c; path = 1110.c; sourceTree = "<group>"; };
		767B67DF2807EC29007EDB83 /* 1357.c */ = {isa = PBXFileReference; lastKnownFileType = sourcecode.c.c; path = 1357.c; sourceTree = "<group>"; };
		767B67E02807F095007EDB83 /* 1977.c */ = {isa = PBXFileReference; lastKnownFileType = sourcecode.c.c; path = 1977.c; sourceTree = "<group>"; };
		767B67E12807F3C4007EDB83 /* 1924.c */ = {isa = PBXFileReference; lastKnownFileType = sourcecode.c.c; path = 1924.c; sourceTree = "<group>"; };
		767B67F7280AAB18007EDB83 /* 4344.c */ = {isa = PBXFileReference; lastKnownFileType = sourcecode.c.c; path = 4344.c; sourceTree = "<group>"; };
		76861BFE28155071004004ED /* 1550.c */ = {isa = PBXFileReference; lastKnownFileType = sourcecode.c.c; path = 1550.c; sourceTree = "<group>"; };
		76D88F17286B06AA007643CA /* 4101.c */ = {isa = PBXFileReference; lastKnownFileType = sourcecode.c.c; path = 4101.c; sourceTree = "<group>"; };
		76D88F18286B0828007643CA /* 4999.c */ = {isa = PBXFileReference; lastKnownFileType = sourcecode.c.c; path = 4999.c; sourceTree = "<group>"; };
		76D88F19286B08C4007643CA /* 8545.c */ = {isa = PBXFileReference; lastKnownFileType = sourcecode.c.c; path = 8545.c; sourceTree = "<group>"; };
		76D88F1A286B0CE6007643CA /* 25304.c */ = {isa = PBXFileReference; lastKnownFileType = sourcecode.c.c; path = 25304.c; sourceTree = "<group>"; };
		76D88F1B286B1056007643CA /* 25238.c */ = {isa = PBXFileReference; lastKnownFileType = sourcecode.c.c; path = 25238.c; sourceTree = "<group>"; };
		76D88F1C286B68A1007643CA /* 1264.c */ = {isa = PBXFileReference; lastKnownFileType = sourcecode.c.c; path = 1264.c; sourceTree = "<group>"; };
		76D88F1D286B6E3B007643CA /* 24568.c */ = {isa = PBXFileReference; lastKnownFileType = sourcecode.c.c; path = 24568.c; sourceTree = "<group>"; };
		76D88F1E286B701C007643CA /* 24736.c */ = {isa = PBXFileReference; lastKnownFileType = sourcecode.c.c; path = 24736.c; sourceTree = "<group>"; };
		76D88F1F286B72D7007643CA /* 24860.c */ = {isa = PBXFileReference; lastKnownFileType = sourcecode.c.c; path = 24860.c; sourceTree = "<group>"; };
		76D88F20286B7395007643CA /* 24262.c */ = {isa = PBXFileReference; lastKnownFileType = sourcecode.c.c; path = 24262.c; sourceTree = "<group>"; };
		76D88F21286B78C1007643CA /* 11945.c */ = {isa = PBXFileReference; lastKnownFileType = sourcecode.c.c; path = 11945.c; sourceTree = "<group>"; };
		76D88F22286C47A9007643CA /* 1225.c */ = {isa = PBXFileReference; lastKnownFileType = sourcecode.c.c; path = 1225.c; sourceTree = "<group>"; };
		76D88F23286C9D13007643CA /* 8949.c */ = {isa = PBXFileReference; lastKnownFileType = sourcecode.c.c; path = 8949.c; sourceTree = "<group>"; };
		76D88F24286CA059007643CA /* 2750.c */ = {isa = PBXFileReference; lastKnownFileType = sourcecode.c.c; path = 2750.c; sourceTree = "<group>"; };
		76D88F25286CA47F007643CA /* 1934.c */ = {isa = PBXFileReference; lastKnownFileType = sourcecode.c.c; path = 1934.c; sourceTree = "<group>"; };
		76D88F26286CABA8007643CA /* 2581.c */ = {isa = PBXFileReference; lastKnownFileType = sourcecode.c.c; path = 2581.c; sourceTree = "<group>"; };
		76D88F27286CB3A2007643CA /* 2153.c */ = {isa = PBXFileReference; lastKnownFileType = sourcecode.c.c; path = 2153.c; sourceTree = "<group>"; };
		76D88F28286CB555007643CA /* 5347.c */ = {isa = PBXFileReference; lastKnownFileType = sourcecode.c.c; path = 5347.c; sourceTree = "<group>"; };
		76D88F29286CBD12007643CA /* 11653.c */ = {isa = PBXFileReference; lastKnownFileType = sourcecode.c.c; path = 11653.c; sourceTree = "<group>"; };
		76D88F2A286CC010007643CA /* 14563.c */ = {isa = PBXFileReference; lastKnownFileType = sourcecode.c.c; path = 14563.c; sourceTree = "<group>"; };
		76D88F2B286DF26F007643CA /* 2857.h */ = {isa = PBXFileReference; lastKnownFileType = sourcecode.c.h; path = 2857.h; sourceTree = "<group>"; };
		76D88F2C286DF26F007643CA /* 2857.c */ = {isa = PBXFileReference; lastKnownFileType = sourcecode.c.c; path = 2857.c; sourceTree = "<group>"; };
		76D88F2D286F667E007643CA /* 2530.c */ = {isa = PBXFileReference; lastKnownFileType = sourcecode.c.c; path = 2530.c; sourceTree = "<group>"; };
		76D88F2E286F6F2B007643CA /* 10984.c */ = {isa = PBXFileReference; lastKnownFileType = sourcecode.c.c; path = 10984.c; sourceTree = "<group>"; };
		76D88F2F2871ABC2007643CA /* 2525.c */ = {isa = PBXFileReference; lastKnownFileType = sourcecode.c.c; path = 2525.c; sourceTree = "<group>"; };
		76D88F302871BCCC007643CA /* 10828.c */ = {isa = PBXFileReference; lastKnownFileType = sourcecode.c.c; path = 10828.c; sourceTree = "<group>"; };
		76D88F312871BF7A007643CA /* 2440.c */ = {isa = PBXFileReference; lastKnownFileType = sourcecode.c.c; path = 2440.c; sourceTree = "<group>"; };
		76D88F3228721543007643CA /* 10817.c */ = {isa = PBXFileReference; lastKnownFileType = sourcecode.c.c; path = 10817.c; sourceTree = "<group>"; };
		76D88F3328721C35007643CA /* 10988.c */ = {isa = PBXFileReference; lastKnownFileType = sourcecode.c.c; path = 10988.c; sourceTree = "<group>"; };
		76D88F3428721F10007643CA /* 16916.c */ = {isa = PBXFileReference; lastKnownFileType = sourcecode.c.c; path = 16916.c; sourceTree = "<group>"; };
		76D88F3528722137007643CA /* 2902.c */ = {isa = PBXFileReference; lastKnownFileType = sourcecode.c.c; path = 2902.c; sourceTree = "<group>"; };
		76D88F3628722AF8007643CA /* 15725.c */ = {isa = PBXFileReference; lastKnownFileType = sourcecode.c.c; path = 15725.c; sourceTree = "<group>"; };
/* End PBXFileReference section */

/* Begin PBXFrameworksBuildPhase section */
		767B673927F9B4AF007EDB83 /* Frameworks */ = {
			isa = PBXFrameworksBuildPhase;
			buildActionMask = 2147483647;
			files = (
			);
			runOnlyForDeploymentPostprocessing = 0;
		};
/* End PBXFrameworksBuildPhase section */

/* Begin PBXGroup section */
		767B673327F9B4AF007EDB83 = {
			isa = PBXGroup;
			children = (
				767B673E27F9B4AF007EDB83 /* baekjoon */,
				767B673D27F9B4AF007EDB83 /* Products */,
			);
			sourceTree = "<group>";
		};
		767B673D27F9B4AF007EDB83 /* Products */ = {
			isa = PBXGroup;
			children = (
				767B673C27F9B4AF007EDB83 /* baekjoon */,
			);
			name = Products;
			sourceTree = "<group>";
		};
		767B673E27F9B4AF007EDB83 /* baekjoon */ = {
			isa = PBXGroup;
			children = (
				767B674627F9B4D8007EDB83 /* 1000.c */,
				767B674827F9B5A5007EDB83 /* 1001.c */,
				767B6789280586CD007EDB83 /* 1008.c */,
				767B67DA2806D560007EDB83 /* 1085.c */,
				767B67DE2807E524007EDB83 /* 1110.c */,
				767B67D4280602BB007EDB83 /* 1157.c */,
				767B67DD2806F56A007EDB83 /* 1259.c */,
				767B67BE280588BA007EDB83 /* 1330.c */,
				767B67DF2807EC29007EDB83 /* 1357.c */,
				767B67BF280598B6007EDB83 /* 1546.c */,
				767B67E12807F3C4007EDB83 /* 1924.c */,
				767B67E02807F095007EDB83 /* 1977.c */,
				767B67DC2806D936007EDB83 /* 1978.c */,
				767B67C028059953007EDB83 /* 2438.c */,
				767B67C128059A01007EDB83 /* 2439.c */,
				767B674E27F9BBCB007EDB83 /* 2475.c */,
				767B674A27F9B5E9007EDB83 /* 2557.c */,
				767B674F27F9BCBD007EDB83 /* 2558.c */,
				767B67C228059B34007EDB83 /* 2562.c */,
				767B67D22805E38E007EDB83 /* 2577.c */,
				767B67D92806D140007EDB83 /* 2609.c */,
				767B67D32805EA26007EDB83 /* 2675.c */,
				767B67C428059FA8007EDB83 /* 2739.c */,
				767B67C62805A009007EDB83 /* 2741.c */,
				767B67D02805B9FD007EDB83 /* 2753.c */,
				767B675027F9BF13007EDB83 /* 2845.c */,
				767B67CB2805AA52007EDB83 /* 2884.c */,
				767B67CC2805AE5A007EDB83 /* 2908.c */,
				767B67D12805DEC5007EDB83 /* 2920.c */,
				767B675127F9C54B007EDB83 /* 3003.c */,
				767B675227F9C620007EDB83 /* 3046.c */,
				767B67D62806BB9A007EDB83 /* 3052.c */,
				767B67D82806CEA5007EDB83 /* 4153.c */,
				767B675327F9C6E6007EDB83 /* 5337.c */,
				767B675427F9C755007EDB83 /* 5338.c */,
				767B675527F9C856007EDB83 /* 5339.c */,
				767B675627F9C994007EDB83 /* 5522.c */,
				767B675727F9CB80007EDB83 /* 6749.c */,
				767B675827F9CC12007EDB83 /* 7287.c */,
				767B675927F9CD68007EDB83 /* 8370.c */,
				767B675A27F9D60D007EDB83 /* 8871.c */,
				767B67CD2805B372007EDB83 /* 8958.c */,
				767B67CE2805B558007EDB83 /* 9498.c */,
				767B675B27FC1BD1007EDB83 /* 9653.c */,
				767B675C27FDBC64007EDB83 /* 9654.c */,
				767B675D27FDBD24007EDB83 /* 10170.c */,
				767B674B27F9B62F007EDB83 /* 10171.c */,
				767B675E27FDBDE3007EDB83 /* 10172.c */,
				767B67622801C10A007EDB83 /* 10430.c */,
				767B67632801C151007EDB83 /* 10699.c */,
				767B674D27F9B678007EDB83 /* 10718.c */,
				767B67D52806B2CF007EDB83 /* 10809.c */,
				767B67C72805A2C4007EDB83 /* 10818.c */,
				767B67642801C2A0007EDB83 /* 10869.c */,
				767B67C82805A393007EDB83 /* 10871.c */,
				767B67652801C3C3007EDB83 /* 10926.c */,
				767B67C92805A67D007EDB83 /* 10950.c */,
				767B67CF2805B811007EDB83 /* 10951.c */,
				767B67CA2805A86E007EDB83 /* 10952.c */,
				767B67662801C468007EDB83 /* 10998.c */,
				767B67D72806CA85007EDB83 /* 11050.c */,
				767B67672801C88F007EDB83 /* 11382.c */,
				767B67682801C902007EDB83 /* 11654.c */,
				767B67C328059DB7007EDB83 /* 11720.c */,
				767B67692801C92F007EDB83 /* 11942.c */,
				767B676B2801CB8C007EDB83 /* 14645.c */,
				767B676C2801DE31007EDB83 /* 14652.c */,
				767B677328028E5C007EDB83 /* 15727.c */,
				767B677428028E91007EDB83 /* 15733.c */,
				767B6775280292E1007EDB83 /* 15894.c */,
				767B67762802946E007EDB83 /* 15962.c */,
				767B67772802950C007EDB83 /* 15964.c */,
				767B677828029585007EDB83 /* 16170.c */,
				767B677928029737007EDB83 /* 16394.c */,
				767B677A2802980B007EDB83 /* 16430.c */,
				767B677E280564CA007EDB83 /* 17256.c */,
				767B677F2805651A007EDB83 /* 17295.c */,
				767B67802805668D007EDB83 /* 17496.c */,
				767B67812805678B007EDB83 /* 18096.c */,
				767B678228056AB0007EDB83 /* 18108.c */,
				767B678328056BF1007EDB83 /* 18301.c */,
				767B678428056D13007EDB83 /* 20254.c */,
				767B678528056E6A007EDB83 /* 20492.c */,
				767B67862805709A007EDB83 /* 21300.c */,
				767B67872805723E007EDB83 /* 23234.c */,
				767B6788280572BB007EDB83 /* 24078.c */,
				767B673F27F9B4AF007EDB83 /* main.c */,
				767B67F7280AAB18007EDB83 /* 4344.c */,
				76861BFE28155071004004ED /* 1550.c */,
				7608964D285BB4E100323E89 /* 25083.c */,
				7608964E285BB5FF00323E89 /* 14681.c */,
				7608964F285BB98700323E89 /* 10872.c */,
				76089650285BBACE00323E89 /* 15552.c */,
				76089651285BBBAD00323E89 /* 10807.c */,
				76089652285BBDFC00323E89 /* 5597.c */,
				76089653285BBF2E00323E89 /* 2738.c */,
				76089654285BBFEF00323E89 /* 2743.c */,
				76089655285BC17900323E89 /* 2744.c */,
				76089656285BC35C00323E89 /* 2754.c */,
				76089657285BC48300323E89 /* 9086.c */,
				76089658285BC6CC00323E89 /* 23037.c */,
				76089659285CFFC000323E89 /* 11718.c */,
				7608965A285D03A600323E89 /* 10870.c */,
				7608965B285D13A800323E89 /* 11655.c */,
				7608965C285D19C200323E89 /* 2846.c */,
				7608965D285DB1DB00323E89 /* 2441.c */,
				7608965E285DBA6000323E89 /* 2442.c */,
				7608965F285DBAD900323E89 /* 2443.c */,
				76089660285DBB2700323E89 /* 2444.c */,
				76089661285DBBCA00323E89 /* 2446.c */,
				76089662285DBD6300323E89 /* 2702.c */,
				76089663285DD09700323E89 /* 1181.c */,
				76089664286A257200323E89 /* 1427.c */,
				76089665286A262A00323E89 /* 11721.c */,
				76089666286A295300323E89 /* 10953.c */,
				76089667286A2EB800323E89 /* 10808.c */,
				76089668286A33C300323E89 /* 8393.c */,
				76089669286A345800323E89 /* 11021.c */,
				7608966A286A34A300323E89 /* 11022.c */,
				7608966B286A3F5F00323E89 /* 2480.c */,
				76D88F17286B06AA007643CA /* 4101.c */,
				76D88F18286B0828007643CA /* 4999.c */,
				76D88F19286B08C4007643CA /* 8545.c */,
				76D88F1A286B0CE6007643CA /* 25304.c */,
				76D88F1B286B1056007643CA /* 25238.c */,
				76D88F1C286B68A1007643CA /* 1264.c */,
				76D88F1D286B6E3B007643CA /* 24568.c */,
				76D88F1E286B701C007643CA /* 24736.c */,
				76D88F1F286B72D7007643CA /* 24860.c */,
				76D88F20286B7395007643CA /* 24262.c */,
				76D88F21286B78C1007643CA /* 11945.c */,
				76D88F22286C47A9007643CA /* 1225.c */,
				76D88F23286C9D13007643CA /* 8949.c */,
				76D88F24286CA059007643CA /* 2750.c */,
				76D88F25286CA47F007643CA /* 1934.c */,
				76D88F26286CABA8007643CA /* 2581.c */,
				76D88F27286CB3A2007643CA /* 2153.c */,
				76D88F28286CB555007643CA /* 5347.c */,
				76D88F29286CBD12007643CA /* 11653.c */,
				76D88F2A286CC010007643CA /* 14563.c */,
				76D88F2B286DF26F007643CA /* 2857.h */,
				76D88F2C286DF26F007643CA /* 2857.c */,
				76D88F2D286F667E007643CA /* 2530.c */,
				76D88F2E286F6F2B007643CA /* 10984.c */,
				76D88F2F2871ABC2007643CA /* 2525.c */,
				76D88F302871BCCC007643CA /* 10828.c */,
				76D88F312871BF7A007643CA /* 2440.c */,
				76D88F3228721543007643CA /* 10817.c */,
				76D88F3328721C35007643CA /* 10988.c */,
				76D88F3428721F10007643CA /* 16916.c */,
				76D88F3528722137007643CA /* 2902.c */,
				76D88F3628722AF8007643CA /* 15725.c */,
			);
			path = baekjoon;
			sourceTree = "<group>";
		};
/* End PBXGroup section */

/* Begin PBXNativeTarget section */
		767B673B27F9B4AF007EDB83 /* baekjoon */ = {
			isa = PBXNativeTarget;
			buildConfigurationList = 767B674327F9B4AF007EDB83 /* Build configuration list for PBXNativeTarget "baekjoon" */;
			buildPhases = (
				767B673827F9B4AF007EDB83 /* Sources */,
				767B673927F9B4AF007EDB83 /* Frameworks */,
				767B673A27F9B4AF007EDB83 /* CopyFiles */,
			);
			buildRules = (
			);
			dependencies = (
			);
			name = baekjoon;
			productName = baekjoon;
			productReference = 767B673C27F9B4AF007EDB83 /* baekjoon */;
			productType = "com.apple.product-type.tool";
		};
/* End PBXNativeTarget section */

/* Begin PBXProject section */
		767B673427F9B4AF007EDB83 /* Project object */ = {
			isa = PBXProject;
			attributes = {
				BuildIndependentTargetsInParallel = 1;
				LastUpgradeCheck = 1320;
				TargetAttributes = {
					767B673B27F9B4AF007EDB83 = {
						CreatedOnToolsVersion = 13.2.1;
					};
				};
			};
			buildConfigurationList = 767B673727F9B4AF007EDB83 /* Build configuration list for PBXProject "baekjoon" */;
			compatibilityVersion = "Xcode 13.0";
			developmentRegion = en;
			hasScannedForEncodings = 0;
			knownRegions = (
				en,
				Base,
			);
			mainGroup = 767B673327F9B4AF007EDB83;
			productRefGroup = 767B673D27F9B4AF007EDB83 /* Products */;
			projectDirPath = "";
			projectRoot = "";
			targets = (
				767B673B27F9B4AF007EDB83 /* baekjoon */,
			);
		};
/* End PBXProject section */

/* Begin PBXSourcesBuildPhase section */
		767B673827F9B4AF007EDB83 /* Sources */ = {
			isa = PBXSourcesBuildPhase;
			buildActionMask = 2147483647;
			files = (
				767B674027F9B4AF007EDB83 /* main.c in Sources */,
			);
			runOnlyForDeploymentPostprocessing = 0;
		};
/* End PBXSourcesBuildPhase section */

/* Begin XCBuildConfiguration section */
		767B674127F9B4AF007EDB83 /* Debug */ = {
			isa = XCBuildConfiguration;
			buildSettings = {
				ALWAYS_SEARCH_USER_PATHS = NO;
				CLANG_ANALYZER_NONNULL = YES;
				CLANG_ANALYZER_NUMBER_OBJECT_CONVERSION = YES_AGGRESSIVE;
				CLANG_CXX_LANGUAGE_STANDARD = "gnu++17";
				CLANG_CXX_LIBRARY = "libc++";
				CLANG_ENABLE_MODULES = YES;
				CLANG_ENABLE_OBJC_ARC = YES;
				CLANG_ENABLE_OBJC_WEAK = YES;
				CLANG_WARN_BLOCK_CAPTURE_AUTORELEASING = YES;
				CLANG_WARN_BOOL_CONVERSION = YES;
				CLANG_WARN_COMMA = YES;
				CLANG_WARN_CONSTANT_CONVERSION = YES;
				CLANG_WARN_DEPRECATED_OBJC_IMPLEMENTATIONS = YES;
				CLANG_WARN_DIRECT_OBJC_ISA_USAGE = YES_ERROR;
				CLANG_WARN_DOCUMENTATION_COMMENTS = YES;
				CLANG_WARN_EMPTY_BODY = YES;
				CLANG_WARN_ENUM_CONVERSION = YES;
				CLANG_WARN_INFINITE_RECURSION = YES;
				CLANG_WARN_INT_CONVERSION = YES;
				CLANG_WARN_NON_LITERAL_NULL_CONVERSION = YES;
				CLANG_WARN_OBJC_IMPLICIT_RETAIN_SELF = YES;
				CLANG_WARN_OBJC_LITERAL_CONVERSION = YES;
				CLANG_WARN_OBJC_ROOT_CLASS = YES_ERROR;
				CLANG_WARN_QUOTED_INCLUDE_IN_FRAMEWORK_HEADER = YES;
				CLANG_WARN_RANGE_LOOP_ANALYSIS = YES;
				CLANG_WARN_STRICT_PROTOTYPES = YES;
				CLANG_WARN_SUSPICIOUS_MOVE = YES;
				CLANG_WARN_UNGUARDED_AVAILABILITY = YES_AGGRESSIVE;
				CLANG_WARN_UNREACHABLE_CODE = YES;
				CLANG_WARN__DUPLICATE_METHOD_MATCH = YES;
				COPY_PHASE_STRIP = NO;
				DEBUG_INFORMATION_FORMAT = dwarf;
				ENABLE_STRICT_OBJC_MSGSEND = YES;
				ENABLE_TESTABILITY = YES;
				GCC_C_LANGUAGE_STANDARD = gnu11;
				GCC_DYNAMIC_NO_PIC = NO;
				GCC_NO_COMMON_BLOCKS = YES;
				GCC_OPTIMIZATION_LEVEL = 0;
				GCC_PREPROCESSOR_DEFINITIONS = (
					"DEBUG=1",
					"$(inherited)",
				);
				GCC_WARN_64_TO_32_BIT_CONVERSION = YES;
				GCC_WARN_ABOUT_RETURN_TYPE = YES_ERROR;
				GCC_WARN_UNDECLARED_SELECTOR = YES;
				GCC_WARN_UNINITIALIZED_AUTOS = YES_AGGRESSIVE;
				GCC_WARN_UNUSED_FUNCTION = YES;
				GCC_WARN_UNUSED_VARIABLE = YES;
				MACOSX_DEPLOYMENT_TARGET = 12.1;
				MTL_ENABLE_DEBUG_INFO = INCLUDE_SOURCE;
				MTL_FAST_MATH = YES;
				ONLY_ACTIVE_ARCH = YES;
				SDKROOT = macosx;
			};
			name = Debug;
		};
		767B674227F9B4AF007EDB83 /* Release */ = {
			isa = XCBuildConfiguration;
			buildSettings = {
				ALWAYS_SEARCH_USER_PATHS = NO;
				CLANG_ANALYZER_NONNULL = YES;
				CLANG_ANALYZER_NUMBER_OBJECT_CONVERSION = YES_AGGRESSIVE;
				CLANG_CXX_LANGUAGE_STANDARD = "gnu++17";
				CLANG_CXX_LIBRARY = "libc++";
				CLANG_ENABLE_MODULES = YES;
				CLANG_ENABLE_OBJC_ARC = YES;
				CLANG_ENABLE_OBJC_WEAK = YES;
				CLANG_WARN_BLOCK_CAPTURE_AUTORELEASING = YES;
				CLANG_WARN_BOOL_CONVERSION = YES;
				CLANG_WARN_COMMA = YES;
				CLANG_WARN_CONSTANT_CONVERSION = YES;
				CLANG_WARN_DEPRECATED_OBJC_IMPLEMENTATIONS = YES;
				CLANG_WARN_DIRECT_OBJC_ISA_USAGE = YES_ERROR;
				CLANG_WARN_DOCUMENTATION_COMMENTS = YES;
				CLANG_WARN_EMPTY_BODY = YES;
				CLANG_WARN_ENUM_CONVERSION = YES;
				CLANG_WARN_INFINITE_RECURSION = YES;
				CLANG_WARN_INT_CONVERSION = YES;
				CLANG_WARN_NON_LITERAL_NULL_CONVERSION = YES;
				CLANG_WARN_OBJC_IMPLICIT_RETAIN_SELF = YES;
				CLANG_WARN_OBJC_LITERAL_CONVERSION = YES;
				CLANG_WARN_OBJC_ROOT_CLASS = YES_ERROR;
				CLANG_WARN_QUOTED_INCLUDE_IN_FRAMEWORK_HEADER = YES;
				CLANG_WARN_RANGE_LOOP_ANALYSIS = YES;
				CLANG_WARN_STRICT_PROTOTYPES = YES;
				CLANG_WARN_SUSPICIOUS_MOVE = YES;
				CLANG_WARN_UNGUARDED_AVAILABILITY = YES_AGGRESSIVE;
				CLANG_WARN_UNREACHABLE_CODE = YES;
				CLANG_WARN__DUPLICATE_METHOD_MATCH = YES;
				COPY_PHASE_STRIP = NO;
				DEBUG_INFORMATION_FORMAT = "dwarf-with-dsym";
				ENABLE_NS_ASSERTIONS = NO;
				ENABLE_STRICT_OBJC_MSGSEND = YES;
				GCC_C_LANGUAGE_STANDARD = gnu11;
				GCC_NO_COMMON_BLOCKS = YES;
				GCC_WARN_64_TO_32_BIT_CONVERSION = YES;
				GCC_WARN_ABOUT_RETURN_TYPE = YES_ERROR;
				GCC_WARN_UNDECLARED_SELECTOR = YES;
				GCC_WARN_UNINITIALIZED_AUTOS = YES_AGGRESSIVE;
				GCC_WARN_UNUSED_FUNCTION = YES;
				GCC_WARN_UNUSED_VARIABLE = YES;
				MACOSX_DEPLOYMENT_TARGET = 12.1;
				MTL_ENABLE_DEBUG_INFO = NO;
				MTL_FAST_MATH = YES;
				SDKROOT = macosx;
			};
			name = Release;
		};
		767B674427F9B4AF007EDB83 /* Debug */ = {
			isa = XCBuildConfiguration;
			buildSettings = {
				CODE_SIGN_STYLE = Automatic;
				PRODUCT_NAME = "$(TARGET_NAME)";
			};
			name = Debug;
		};
		767B674527F9B4AF007EDB83 /* Release */ = {
			isa = XCBuildConfiguration;
			buildSettings = {
				CODE_SIGN_STYLE = Automatic;
				PRODUCT_NAME = "$(TARGET_NAME)";
			};
			name = Release;
		};
/* End XCBuildConfiguration section */

/* Begin XCConfigurationList section */
		767B673727F9B4AF007EDB83 /* Build configuration list for PBXProject "baekjoon" */ = {
			isa = XCConfigurationList;
			buildConfigurations = (
				767B674127F9B4AF007EDB83 /* Debug */,
				767B674227F9B4AF007EDB83 /* Release */,
			);
			defaultConfigurationIsVisible = 0;
			defaultConfigurationName = Release;
		};
		767B674327F9B4AF007EDB83 /* Build configuration list for PBXNativeTarget "baekjoon" */ = {
			isa = XCConfigurationList;
			buildConfigurations = (
				767B674427F9B4AF007EDB83 /* Debug */,
				767B674527F9B4AF007EDB83 /* Release */,
			);
			defaultConfigurationIsVisible = 0;
			defaultConfigurationName = Release;
		};
/* End XCConfigurationList section */
	};
	rootObject = 767B673427F9B4AF007EDB83 /* Project object */;
}
