// !$*UTF8*$!
{
	archiveVersion = 1;
	classes = {
	};
	objectVersion = 55;
	objects = {

/* Begin PBXBuildFile section */
		767B674027F9B4AF007EDB83 /* main.cpp in Sources */ = {isa = PBXBuildFile; fileRef = 767B673F27F9B4AF007EDB83 /* main.cpp */; };
/* End PBXBuildFile section */

/* Begin PBXCopyFilesBuildPhase section */
		767B673A27F9B4AF007EDB83 /* CopyFiles */ = {
			isa = PBXCopyFilesBuildPhase;
			buildActionMask = 2147483647;
			dstPath = /usr/share/man/man1/;
			dstSubfolderSpec = 0;
			files = (
			);
			runOnlyForDeploymentPostprocessing = 1;
		};
/* End PBXCopyFilesBuildPhase section */

/* Begin PBXFileReference section */
		7608964D285BB4E100323E89 /* 25083.c */ = {isa = PBXFileReference; lastKnownFileType = sourcecode.c.c; path = 25083.c; sourceTree = "<group>"; };
		7608964E285BB5FF00323E89 /* 14681.c */ = {isa = PBXFileReference; lastKnownFileType = sourcecode.c.c; path = 14681.c; sourceTree = "<group>"; };
		7608964F285BB98700323E89 /* 10872.c */ = {isa = PBXFileReference; lastKnownFileType = sourcecode.c.c; path = 10872.c; sourceTree = "<group>"; };
		76089650285BBACE00323E89 /* 15552.c */ = {isa = PBXFileReference; lastKnownFileType = sourcecode.c.c; path = 15552.c; sourceTree = "<group>"; };
		76089651285BBBAD00323E89 /* 10807.c */ = {isa = PBXFileReference; lastKnownFileType = sourcecode.c.c; path = 10807.c; sourceTree = "<group>"; };
		76089652285BBDFC00323E89 /* 5597.c */ = {isa = PBXFileReference; lastKnownFileType = sourcecode.c.c; path = 5597.c; sourceTree = "<group>"; };
		76089653285BBF2E00323E89 /* 2738.c */ = {isa = PBXFileReference; lastKnownFileType = sourcecode.c.c; path = 2738.c; sourceTree = "<group>"; };
		76089654285BBFEF00323E89 /* 2743.c */ = {isa = PBXFileReference; lastKnownFileType = sourcecode.c.c; path = 2743.c; sourceTree = "<group>"; };
		76089655285BC17900323E89 /* 2744.c */ = {isa = PBXFileReference; lastKnownFileType = sourcecode.c.c; path = 2744.c; sourceTree = "<group>"; };
		76089656285BC35C00323E89 /* 2754.c */ = {isa = PBXFileReference; lastKnownFileType = sourcecode.c.c; path = 2754.c; sourceTree = "<group>"; };
		76089657285BC48300323E89 /* 9086.c */ = {isa = PBXFileReference; lastKnownFileType = sourcecode.c.c; path = 9086.c; sourceTree = "<group>"; };
		76089658285BC6CC00323E89 /* 23037.c */ = {isa = PBXFileReference; lastKnownFileType = sourcecode.c.c; path = 23037.c; sourceTree = "<group>"; };
		76089659285CFFC000323E89 /* 11718.c */ = {isa = PBXFileReference; lastKnownFileType = sourcecode.c.c; path = 11718.c; sourceTree = "<group>"; };
		7608965A285D03A600323E89 /* 10870.c */ = {isa = PBXFileReference; lastKnownFileType = sourcecode.c.c; path = 10870.c; sourceTree = "<group>"; };
		7608965B285D13A800323E89 /* 11655.c */ = {isa = PBXFileReference; lastKnownFileType = sourcecode.c.c; path = 11655.c; sourceTree = "<group>"; };
		7608965C285D19C200323E89 /* 2846.c */ = {isa = PBXFileReference; lastKnownFileType = sourcecode.c.c; path = 2846.c; sourceTree = "<group>"; };
		7608965D285DB1DB00323E89 /* 2441.c */ = {isa = PBXFileReference; lastKnownFileType = sourcecode.c.c; path = 2441.c; sourceTree = "<group>"; };
		7608965E285DBA6000323E89 /* 2442.c */ = {isa = PBXFileReference; lastKnownFileType = sourcecode.c.c; path = 2442.c; sourceTree = "<group>"; };
		7608965F285DBAD900323E89 /* 2443.c */ = {isa = PBXFileReference; lastKnownFileType = sourcecode.c.c; path = 2443.c; sourceTree = "<group>"; };
		76089660285DBB2700323E89 /* 2444.c */ = {isa = PBXFileReference; lastKnownFileType = sourcecode.c.c; path = 2444.c; sourceTree = "<group>"; };
		76089661285DBBCA00323E89 /* 2446.c */ = {isa = PBXFileReference; lastKnownFileType = sourcecode.c.c; path = 2446.c; sourceTree = "<group>"; };
		76089662285DBD6300323E89 /* 2702.c */ = {isa = PBXFileReference; lastKnownFileType = sourcecode.c.c; path = 2702.c; sourceTree = "<group>"; };
		76089663285DD09700323E89 /* 1181.c */ = {isa = PBXFileReference; lastKnownFileType = sourcecode.c.c; path = 1181.c; sourceTree = "<group>"; };
		76089664286A257200323E89 /* 1427.c */ = {isa = PBXFileReference; lastKnownFileType = sourcecode.c.c; path = 1427.c; sourceTree = "<group>"; };
		76089665286A262A00323E89 /* 11721.c */ = {isa = PBXFileReference; lastKnownFileType = sourcecode.c.c; path = 11721.c; sourceTree = "<group>"; };
		76089666286A295300323E89 /* 10953.c */ = {isa = PBXFileReference; lastKnownFileType = sourcecode.c.c; path = 10953.c; sourceTree = "<group>"; };
		76089667286A2EB800323E89 /* 10808.c */ = {isa = PBXFileReference; lastKnownFileType = sourcecode.c.c; path = 10808.c; sourceTree = "<group>"; };
		76089668286A33C300323E89 /* 8393.c */ = {isa = PBXFileReference; lastKnownFileType = sourcecode.c.c; path = 8393.c; sourceTree = "<group>"; };
		76089669286A345800323E89 /* 11021.c */ = {isa = PBXFileReference; lastKnownFileType = sourcecode.c.c; path = 11021.c; sourceTree = "<group>"; };
		7608966A286A34A300323E89 /* 11022.c */ = {isa = PBXFileReference; lastKnownFileType = sourcecode.c.c; path = 11022.c; sourceTree = "<group>"; };
		7608966B286A3F5F00323E89 /* 2480.c */ = {isa = PBXFileReference; lastKnownFileType = sourcecode.c.c; path = 2480.c; sourceTree = "<group>"; };
		76136B3E287F265A00734C48 /* 15719.cpp */ = {isa = PBXFileReference; lastKnownFileType = sourcecode.cpp.cpp; path = 15719.cpp; sourceTree = "<group>"; };
		76136B3F287F531000734C48 /* 11365.cpp */ = {isa = PBXFileReference; lastKnownFileType = sourcecode.cpp.cpp; path = 11365.cpp; sourceTree = "<group>"; };
		76136B40287F56D500734C48 /* 2941.cpp */ = {isa = PBXFileReference; lastKnownFileType = sourcecode.cpp.cpp; path = 2941.cpp; sourceTree = "<group>"; };
		76136B412880750200734C48 /* 2501.cpp */ = {isa = PBXFileReference; lastKnownFileType = sourcecode.cpp.cpp; path = 2501.cpp; sourceTree = "<group>"; };
		76136B42288084D500734C48 /* 5598.cpp */ = {isa = PBXFileReference; lastKnownFileType = sourcecode.cpp.cpp; path = 5598.cpp; sourceTree = "<group>"; };
		76136B43288087A600734C48 /* 1037.cpp */ = {isa = PBXFileReference; lastKnownFileType = sourcecode.cpp.cpp; path = 1037.cpp; sourceTree = "<group>"; };
		76136B4428808A5600734C48 /* 2576.cpp */ = {isa = PBXFileReference; lastKnownFileType = sourcecode.cpp.cpp; path = 2576.cpp; sourceTree = "<group>"; };
		76136B452880917000734C48 /* 3460.cpp */ = {isa = PBXFileReference; lastKnownFileType = sourcecode.cpp.cpp; path = 3460.cpp; sourceTree = "<group>"; };
		76136B46288094BF00734C48 /* 9093.cpp */ = {isa = PBXFileReference; lastKnownFileType = sourcecode.cpp.cpp; path = 9093.cpp; sourceTree = "<group>"; };
		76136B47288099A100734C48 /* 14726.cpp */ = {isa = PBXFileReference; lastKnownFileType = sourcecode.cpp.cpp; path = 14726.cpp; sourceTree = "<group>"; };
		76136B482880A07A00734C48 /* 3135.cpp */ = {isa = PBXFileReference; lastKnownFileType = sourcecode.cpp.cpp; path = 3135.cpp; sourceTree = "<group>"; };
		76136B492880ADAA00734C48 /* 5671.cpp */ = {isa = PBXFileReference; lastKnownFileType = sourcecode.cpp.cpp; path = 5671.cpp; sourceTree = "<group>"; };
		7619CCC42881807D0099DA35 /* 1302.cpp */ = {isa = PBXFileReference; lastKnownFileType = sourcecode.cpp.cpp; path = 1302.cpp; sourceTree = "<group>"; };
		7619CCC5288187CE0099DA35 /* 5635.cpp */ = {isa = PBXFileReference; lastKnownFileType = sourcecode.cpp.cpp; path = 5635.cpp; sourceTree = "<group>"; };
		7619CCC62881962F0099DA35 /* 10821.cpp */ = {isa = PBXFileReference; lastKnownFileType = sourcecode.cpp.cpp; path = 10821.cpp; sourceTree = "<group>"; };
		7619CCC7288198CD0099DA35 /* 4458.cpp */ = {isa = PBXFileReference; lastKnownFileType = sourcecode.cpp.cpp; path = 4458.cpp; sourceTree = "<group>"; };
		7619CCC8288199F60099DA35 /* 11098.cpp */ = {isa = PBXFileReference; lastKnownFileType = sourcecode.cpp.cpp; path = 11098.cpp; sourceTree = "<group>"; };
		7619CCC928819B3D0099DA35 /* 10822.cpp */ = {isa = PBXFileReference; lastKnownFileType = sourcecode.cpp.cpp; path = 10822.cpp; sourceTree = "<group>"; };
		7619CCCA2881A3C10099DA35 /* 15904.cpp */ = {isa = PBXFileReference; lastKnownFileType = sourcecode.cpp.cpp; path = 15904.cpp; sourceTree = "<group>"; };
		7619CCCB2881AE9F0099DA35 /* 14490.cpp */ = {isa = PBXFileReference; lastKnownFileType = sourcecode.cpp.cpp; path = 14490.cpp; sourceTree = "<group>"; };
		7619CCCC2881B2C90099DA35 /* 3059.cpp */ = {isa = PBXFileReference; lastKnownFileType = sourcecode.cpp.cpp; path = 3059.cpp; sourceTree = "<group>"; };
		7619CCCD2881B5EC0099DA35 /* 10769.cpp */ = {isa = PBXFileReference; lastKnownFileType = sourcecode.cpp.cpp; path = 10769.cpp; sourceTree = "<group>"; };
		7619CCCE2881DB3F0099DA35 /* 17176.cpp */ = {isa = PBXFileReference; lastKnownFileType = sourcecode.cpp.cpp; path = 17176.cpp; sourceTree = "<group>"; };
		7619CCCF2881E06D0099DA35 /* 25206.cpp */ = {isa = PBXFileReference; lastKnownFileType = sourcecode.cpp.cpp; path = 25206.cpp; sourceTree = "<group>"; };
		7619CCD02881E7A00099DA35 /* 14916.cpp */ = {isa = PBXFileReference; lastKnownFileType = sourcecode.cpp.cpp; path = 14916.cpp; sourceTree = "<group>"; };
		7619CCD12882CDC30099DA35 /* 1920.cpp */ = {isa = PBXFileReference; lastKnownFileType = sourcecode.cpp.cpp; path = 1920.cpp; sourceTree = "<group>"; };
		7619CCD22882D2F40099DA35 /* 2755.cpp */ = {isa = PBXFileReference; lastKnownFileType = sourcecode.cpp.cpp; path = 2755.cpp; sourceTree = "<group>"; };
		7619CCD32883E7FE0099DA35 /* 11399.cpp */ = {isa = PBXFileReference; lastKnownFileType = sourcecode.cpp.cpp; path = 11399.cpp; sourceTree = "<group>"; };
		7619CCD42883F41D0099DA35 /* 11047.cpp */ = {isa = PBXFileReference; lastKnownFileType = sourcecode.cpp.cpp; path = 11047.cpp; sourceTree = "<group>"; };
		7619CCD52883F7460099DA35 /* 5585.cpp */ = {isa = PBXFileReference; lastKnownFileType = sourcecode.cpp.cpp; path = 5585.cpp; sourceTree = "<group>"; };
		7619CCD6288401310099DA35 /* 1343.cpp */ = {isa = PBXFileReference; lastKnownFileType = sourcecode.cpp.cpp; path = 1343.cpp; sourceTree = "<group>"; };
		7619CCD7288590230099DA35 /* 3733.cpp */ = {isa = PBXFileReference; lastKnownFileType = sourcecode.cpp.cpp; path = 3733.cpp; sourceTree = "<group>"; };
		7619CCD8288B12C60099DA35 /* 1931.cpp */ = {isa = PBXFileReference; lastKnownFileType = sourcecode.cpp.cpp; path = 1931.cpp; sourceTree = "<group>"; };
		7619CCD9288C5D860099DA35 /* 2869.cpp */ = {isa = PBXFileReference; lastKnownFileType = sourcecode.cpp.cpp; path = 2869.cpp; sourceTree = "<group>"; };
		767B673C27F9B4AF007EDB83 /* baekjoon */ = {isa = PBXFileReference; explicitFileType = "compiled.mach-o.executable"; includeInIndex = 0; path = baekjoon; sourceTree = BUILT_PRODUCTS_DIR; };
		767B673F27F9B4AF007EDB83 /* main.cpp */ = {isa = PBXFileReference; lastKnownFileType = sourcecode.cpp.cpp; path = main.cpp; sourceTree = "<group>"; };
		767B674627F9B4D8007EDB83 /* 1000.c */ = {isa = PBXFileReference; lastKnownFileType = sourcecode.c.c; path = 1000.c; sourceTree = "<group>"; };
		767B674827F9B5A5007EDB83 /* 1001.c */ = {isa = PBXFileReference; lastKnownFileType = sourcecode.c.c; path = 1001.c; sourceTree = "<group>"; };
		767B674A27F9B5E9007EDB83 /* 2557.c */ = {isa = PBXFileReference; lastKnownFileType = sourcecode.c.c; path = 2557.c; sourceTree = "<group>"; };
		767B674B27F9B62F007EDB83 /* 10171.c */ = {isa = PBXFileReference; lastKnownFileType = sourcecode.c.c; path = 10171.c; sourceTree = "<group>"; };
		767B674D27F9B678007EDB83 /* 10718.c */ = {isa = PBXFileReference; lastKnownFileType = sourcecode.c.c; path = 10718.c; sourceTree = "<group>"; };
		767B674E27F9BBCB007EDB83 /* 2475.c */ = {isa = PBXFileReference; lastKnownFileType = sourcecode.c.c; path = 2475.c; sourceTree = "<group>"; };
		767B674F27F9BCBD007EDB83 /* 2558.c */ = {isa = PBXFileReference; lastKnownFileType = sourcecode.c.c; path = 2558.c; sourceTree = "<group>"; };
		767B675027F9BF13007EDB83 /* 2845.c */ = {isa = PBXFileReference; lastKnownFileType = sourcecode.c.c; path = 2845.c; sourceTree = "<group>"; };
		767B675127F9C54B007EDB83 /* 3003.c */ = {isa = PBXFileReference; lastKnownFileType = sourcecode.c.c; path = 3003.c; sourceTree = "<group>"; };
		767B675227F9C620007EDB83 /* 3046.c */ = {isa = PBXFileReference; lastKnownFileType = sourcecode.c.c; path = 3046.c; sourceTree = "<group>"; };
		767B675327F9C6E6007EDB83 /* 5337.c */ = {isa = PBXFileReference; lastKnownFileType = sourcecode.c.c; path = 5337.c; sourceTree = "<group>"; };
		767B675427F9C755007EDB83 /* 5338.c */ = {isa = PBXFileReference; lastKnownFileType = sourcecode.c.c; path = 5338.c; sourceTree = "<group>"; };
		767B675527F9C856007EDB83 /* 5339.c */ = {isa = PBXFileReference; lastKnownFileType = sourcecode.c.c; path = 5339.c; sourceTree = "<group>"; };
		767B675627F9C994007EDB83 /* 5522.c */ = {isa = PBXFileReference; lastKnownFileType = sourcecode.c.c; path = 5522.c; sourceTree = "<group>"; };
		767B675727F9CB80007EDB83 /* 6749.c */ = {isa = PBXFileReference; lastKnownFileType = sourcecode.c.c; path = 6749.c; sourceTree = "<group>"; };
		767B675827F9CC12007EDB83 /* 7287.c */ = {isa = PBXFileReference; lastKnownFileType = sourcecode.c.c; path = 7287.c; sourceTree = "<group>"; };
		767B675927F9CD68007EDB83 /* 8370.c */ = {isa = PBXFileReference; lastKnownFileType = sourcecode.c.c; path = 8370.c; sourceTree = "<group>"; };
		767B675A27F9D60D007EDB83 /* 8871.c */ = {isa = PBXFileReference; lastKnownFileType = sourcecode.c.c; path = 8871.c; sourceTree = "<group>"; };
		767B675B27FC1BD1007EDB83 /* 9653.c */ = {isa = PBXFileReference; lastKnownFileType = sourcecode.c.c; path = 9653.c; sourceTree = "<group>"; };
		767B675C27FDBC64007EDB83 /* 9654.c */ = {isa = PBXFileReference; lastKnownFileType = sourcecode.c.c; path = 9654.c; sourceTree = "<group>"; };
		767B675D27FDBD24007EDB83 /* 10170.c */ = {isa = PBXFileReference; lastKnownFileType = sourcecode.c.c; path = 10170.c; sourceTree = "<group>"; };
		767B675E27FDBDE3007EDB83 /* 10172.c */ = {isa = PBXFileReference; lastKnownFileType = sourcecode.c.c; path = 10172.c; sourceTree = "<group>"; };
		767B67622801C10A007EDB83 /* 10430.c */ = {isa = PBXFileReference; lastKnownFileType = sourcecode.c.c; path = 10430.c; sourceTree = "<group>"; };
		767B67632801C151007EDB83 /* 10699.c */ = {isa = PBXFileReference; lastKnownFileType = sourcecode.c.c; path = 10699.c; sourceTree = "<group>"; };
		767B67642801C2A0007EDB83 /* 10869.c */ = {isa = PBXFileReference; lastKnownFileType = sourcecode.c.c; path = 10869.c; sourceTree = "<group>"; };
		767B67652801C3C3007EDB83 /* 10926.c */ = {isa = PBXFileReference; lastKnownFileType = sourcecode.c.c; path = 10926.c; sourceTree = "<group>"; };
		767B67662801C468007EDB83 /* 10998.c */ = {isa = PBXFileReference; lastKnownFileType = sourcecode.c.c; path = 10998.c; sourceTree = "<group>"; };
		767B67672801C88F007EDB83 /* 11382.c */ = {isa = PBXFileReference; lastKnownFileType = sourcecode.c.c; path = 11382.c; sourceTree = "<group>"; };
		767B67682801C902007EDB83 /* 11654.c */ = {isa = PBXFileReference; lastKnownFileType = sourcecode.c.c; path = 11654.c; sourceTree = "<group>"; };
		767B67692801C92F007EDB83 /* 11942.c */ = {isa = PBXFileReference; lastKnownFileType = sourcecode.c.c; path = 11942.c; sourceTree = "<group>"; };
		767B676B2801CB8C007EDB83 /* 14645.c */ = {isa = PBXFileReference; lastKnownFileType = sourcecode.c.c; path = 14645.c; sourceTree = "<group>"; };
		767B676C2801DE31007EDB83 /* 14652.c */ = {isa = PBXFileReference; lastKnownFileType = sourcecode.c.c; path = 14652.c; sourceTree = "<group>"; };
		767B677328028E5C007EDB83 /* 15727.c */ = {isa = PBXFileReference; lastKnownFileType = sourcecode.c.c; path = 15727.c; sourceTree = "<group>"; };
		767B677428028E91007EDB83 /* 15733.c */ = {isa = PBXFileReference; lastKnownFileType = sourcecode.c.c; path = 15733.c; sourceTree = "<group>"; };
		767B6775280292E1007EDB83 /* 15894.c */ = {isa = PBXFileReference; lastKnownFileType = sourcecode.c.c; path = 15894.c; sourceTree = "<group>"; };
		767B67762802946E007EDB83 /* 15962.c */ = {isa = PBXFileReference; lastKnownFileType = sourcecode.c.c; path = 15962.c; sourceTree = "<group>"; };
		767B67772802950C007EDB83 /* 15964.c */ = {isa = PBXFileReference; lastKnownFileType = sourcecode.c.c; path = 15964.c; sourceTree = "<group>"; };
		767B677828029585007EDB83 /* 16170.c */ = {isa = PBXFileReference; lastKnownFileType = sourcecode.c.c; path = 16170.c; sourceTree = "<group>"; };
		767B677928029737007EDB83 /* 16394.c */ = {isa = PBXFileReference; lastKnownFileType = sourcecode.c.c; path = 16394.c; sourceTree = "<group>"; };
		767B677A2802980B007EDB83 /* 16430.c */ = {isa = PBXFileReference; lastKnownFileType = sourcecode.c.c; path = 16430.c; sourceTree = "<group>"; };
		767B677E280564CA007EDB83 /* 17256.c */ = {isa = PBXFileReference; lastKnownFileType = sourcecode.c.c; path = 17256.c; sourceTree = "<group>"; };
		767B677F2805651A007EDB83 /* 17295.c */ = {isa = PBXFileReference; lastKnownFileType = sourcecode.c.c; path = 17295.c; sourceTree = "<group>"; };
		767B67802805668D007EDB83 /* 17496.c */ = {isa = PBXFileReference; lastKnownFileType = sourcecode.c.c; path = 17496.c; sourceTree = "<group>"; };
		767B67812805678B007EDB83 /* 18096.c */ = {isa = PBXFileReference; lastKnownFileType = sourcecode.c.c; path = 18096.c; sourceTree = "<group>"; };
		767B678228056AB0007EDB83 /* 18108.c */ = {isa = PBXFileReference; lastKnownFileType = sourcecode.c.c; path = 18108.c; sourceTree = "<group>"; };
		767B678328056BF1007EDB83 /* 18301.c */ = {isa = PBXFileReference; lastKnownFileType = sourcecode.c.c; path = 18301.c; sourceTree = "<group>"; };
		767B678428056D13007EDB83 /* 20254.c */ = {isa = PBXFileReference; lastKnownFileType = sourcecode.c.c; path = 20254.c; sourceTree = "<group>"; };
		767B678528056E6A007EDB83 /* 20492.c */ = {isa = PBXFileReference; lastKnownFileType = sourcecode.c.c; path = 20492.c; sourceTree = "<group>"; };
		767B67862805709A007EDB83 /* 21300.c */ = {isa = PBXFileReference; lastKnownFileType = sourcecode.c.c; path = 21300.c; sourceTree = "<group>"; };
		767B67872805723E007EDB83 /* 23234.c */ = {isa = PBXFileReference; lastKnownFileType = sourcecode.c.c; path = 23234.c; sourceTree = "<group>"; };
		767B6788280572BB007EDB83 /* 24078.c */ = {isa = PBXFileReference; lastKnownFileType = sourcecode.c.c; path = 24078.c; sourceTree = "<group>"; };
		767B6789280586CD007EDB83 /* 1008.c */ = {isa = PBXFileReference; lastKnownFileType = sourcecode.c.c; path = 1008.c; sourceTree = "<group>"; };
		767B67BE280588BA007EDB83 /* 1330.c */ = {isa = PBXFileReference; lastKnownFileType = sourcecode.c.c; path = 1330.c; sourceTree = "<group>"; };
		767B67BF280598B6007EDB83 /* 1546.c */ = {isa = PBXFileReference; lastKnownFileType = sourcecode.c.c; path = 1546.c; sourceTree = "<group>"; };
		767B67C028059953007EDB83 /* 2438.c */ = {isa = PBXFileReference; lastKnownFileType = sourcecode.c.c; path = 2438.c; sourceTree = "<group>"; };
		767B67C128059A01007EDB83 /* 2439.c */ = {isa = PBXFileReference; lastKnownFileType = sourcecode.c.c; path = 2439.c; sourceTree = "<group>"; };
		767B67C228059B34007EDB83 /* 2562.c */ = {isa = PBXFileReference; lastKnownFileType = sourcecode.c.c; path = 2562.c; sourceTree = "<group>"; };
		767B67C328059DB7007EDB83 /* 11720.c */ = {isa = PBXFileReference; lastKnownFileType = sourcecode.c.c; path = 11720.c; sourceTree = "<group>"; };
		767B67C428059FA8007EDB83 /* 2739.c */ = {isa = PBXFileReference; lastKnownFileType = sourcecode.c.c; path = 2739.c; sourceTree = "<group>"; };
		767B67C62805A009007EDB83 /* 2741.c */ = {isa = PBXFileReference; lastKnownFileType = sourcecode.c.c; path = 2741.c; sourceTree = "<group>"; };
		767B67C72805A2C4007EDB83 /* 10818.c */ = {isa = PBXFileReference; lastKnownFileType = sourcecode.c.c; path = 10818.c; sourceTree = "<group>"; };
		767B67C82805A393007EDB83 /* 10871.c */ = {isa = PBXFileReference; lastKnownFileType = sourcecode.c.c; path = 10871.c; sourceTree = "<group>"; };
		767B67C92805A67D007EDB83 /* 10950.c */ = {isa = PBXFileReference; lastKnownFileType = sourcecode.c.c; path = 10950.c; sourceTree = "<group>"; };
		767B67CA2805A86E007EDB83 /* 10952.c */ = {isa = PBXFileReference; lastKnownFileType = sourcecode.c.c; path = 10952.c; sourceTree = "<group>"; };
		767B67CB2805AA52007EDB83 /* 2884.c */ = {isa = PBXFileReference; lastKnownFileType = sourcecode.c.c; path = 2884.c; sourceTree = "<group>"; };
		767B67CC2805AE5A007EDB83 /* 2908.c */ = {isa = PBXFileReference; lastKnownFileType = sourcecode.c.c; path = 2908.c; sourceTree = "<group>"; };
		767B67CD2805B372007EDB83 /* 8958.c */ = {isa = PBXFileReference; lastKnownFileType = sourcecode.c.c; path = 8958.c; sourceTree = "<group>"; };
		767B67CE2805B558007EDB83 /* 9498.c */ = {isa = PBXFileReference; lastKnownFileType = sourcecode.c.c; path = 9498.c; sourceTree = "<group>"; };
		767B67CF2805B811007EDB83 /* 10951.c */ = {isa = PBXFileReference; lastKnownFileType = sourcecode.c.c; path = 10951.c; sourceTree = "<group>"; };
		767B67D02805B9FD007EDB83 /* 2753.c */ = {isa = PBXFileReference; lastKnownFileType = sourcecode.c.c; path = 2753.c; sourceTree = "<group>"; };
		767B67D12805DEC5007EDB83 /* 2920.c */ = {isa = PBXFileReference; lastKnownFileType = sourcecode.c.c; path = 2920.c; sourceTree = "<group>"; };
		767B67D22805E38E007EDB83 /* 2577.c */ = {isa = PBXFileReference; lastKnownFileType = sourcecode.c.c; path = 2577.c; sourceTree = "<group>"; };
		767B67D32805EA26007EDB83 /* 2675.c */ = {isa = PBXFileReference; lastKnownFileType = sourcecode.c.c; path = 2675.c; sourceTree = "<group>"; };
		767B67D4280602BB007EDB83 /* 1157.c */ = {isa = PBXFileReference; lastKnownFileType = sourcecode.c.c; path = 1157.c; sourceTree = "<group>"; };
		767B67D52806B2CF007EDB83 /* 10809.c */ = {isa = PBXFileReference; lastKnownFileType = sourcecode.c.c; path = 10809.c; sourceTree = "<group>"; };
		767B67D62806BB9A007EDB83 /* 3052.c */ = {isa = PBXFileReference; lastKnownFileType = sourcecode.c.c; path = 3052.c; sourceTree = "<group>"; };
		767B67D72806CA85007EDB83 /* 11050.c */ = {isa = PBXFileReference; lastKnownFileType = sourcecode.c.c; path = 11050.c; sourceTree = "<group>"; };
		767B67D82806CEA5007EDB83 /* 4153.c */ = {isa = PBXFileReference; lastKnownFileType = sourcecode.c.c; path = 4153.c; sourceTree = "<group>"; };
		767B67D92806D140007EDB83 /* 2609.c */ = {isa = PBXFileReference; lastKnownFileType = sourcecode.c.c; path = 2609.c; sourceTree = "<group>"; };
		767B67DA2806D560007EDB83 /* 1085.c */ = {isa = PBXFileReference; lastKnownFileType = sourcecode.c.c; path = 1085.c; sourceTree = "<group>"; };
		767B67DC2806D936007EDB83 /* 1978.c */ = {isa = PBXFileReference; lastKnownFileType = sourcecode.c.c; path = 1978.c; sourceTree = "<group>"; };
		767B67DD2806F56A007EDB83 /* 1259.c */ = {isa = PBXFileReference; lastKnownFileType = sourcecode.c.c; path = 1259.c; sourceTree = "<group>"; };
		767B67DE2807E524007EDB83 /* 1110.c */ = {isa = PBXFileReference; lastKnownFileType = sourcecode.c.c; path = 1110.c; sourceTree = "<group>"; };
		767B67DF2807EC29007EDB83 /* 1357.c */ = {isa = PBXFileReference; lastKnownFileType = sourcecode.c.c; path = 1357.c; sourceTree = "<group>"; };
		767B67E02807F095007EDB83 /* 1977.c */ = {isa = PBXFileReference; lastKnownFileType = sourcecode.c.c; path = 1977.c; sourceTree = "<group>"; };
		767B67E12807F3C4007EDB83 /* 1924.c */ = {isa = PBXFileReference; lastKnownFileType = sourcecode.c.c; path = 1924.c; sourceTree = "<group>"; };
		767B67F7280AAB18007EDB83 /* 4344.c */ = {isa = PBXFileReference; lastKnownFileType = sourcecode.c.c; path = 4344.c; sourceTree = "<group>"; };
		76861BFE28155071004004ED /* 1550.c */ = {isa = PBXFileReference; lastKnownFileType = sourcecode.c.c; path = 1550.c; sourceTree = "<group>"; };
		7686C9792939CB1A008B20EF /* 2108.cpp */ = {isa = PBXFileReference; lastKnownFileType = sourcecode.cpp.cpp; path = 2108.cpp; sourceTree = "<group>"; };
		7686C97A2939DCBB008B20EF /* 4949.cpp */ = {isa = PBXFileReference; lastKnownFileType = sourcecode.cpp.cpp; path = 4949.cpp; sourceTree = "<group>"; };
		7686C97C293A3BA0008B20EF /* 2292.cpp */ = {isa = PBXFileReference; lastKnownFileType = sourcecode.cpp.cpp; path = 2292.cpp; sourceTree = "<group>"; };
		7686C97D293B5DA8008B20EF /* 14425.cpp */ = {isa = PBXFileReference; lastKnownFileType = sourcecode.cpp.cpp; path = 14425.cpp; sourceTree = "<group>"; };
		7686C97E293B6DB0008B20EF /* 1543.cpp */ = {isa = PBXFileReference; lastKnownFileType = sourcecode.cpp.cpp; path = 1543.cpp; sourceTree = "<group>"; };
		7686C97F293B79E1008B20EF /* 11478.cpp */ = {isa = PBXFileReference; lastKnownFileType = sourcecode.cpp.cpp; path = 11478.cpp; sourceTree = "<group>"; };
		7686C980293B7FEC008B20EF /* 4358.cpp */ = {isa = PBXFileReference; lastKnownFileType = sourcecode.cpp.cpp; path = 4358.cpp; sourceTree = "<group>"; };
		7686C981293B904F008B20EF /* 15353.cpp */ = {isa = PBXFileReference; lastKnownFileType = sourcecode.cpp.cpp; path = 15353.cpp; sourceTree = "<group>"; };
		7686C982293BB370008B20EF /* 2870.cpp */ = {isa = PBXFileReference; lastKnownFileType = sourcecode.cpp.cpp; path = 2870.cpp; sourceTree = "<group>"; };
		7686C983293BBD2E008B20EF /* 1235.cpp */ = {isa = PBXFileReference; lastKnownFileType = sourcecode.cpp.cpp; path = 1235.cpp; sourceTree = "<group>"; };
		76A13EC028A2555000EE9B1D /* 10989.cpp */ = {isa = PBXFileReference; lastKnownFileType = sourcecode.cpp.cpp; path = 10989.cpp; sourceTree = "<group>"; };
		76A13EC128A266B900EE9B1D /* 1966.cpp */ = {isa = PBXFileReference; lastKnownFileType = sourcecode.cpp.cpp; path = 1966.cpp; sourceTree = "<group>"; };
		76A13EC228A27E2B00EE9B1D /* 7568.cpp */ = {isa = PBXFileReference; lastKnownFileType = sourcecode.cpp.cpp; path = 7568.cpp; sourceTree = "<group>"; };
		76A13EC328A284CC00EE9B1D /* 1764.cpp */ = {isa = PBXFileReference; lastKnownFileType = sourcecode.cpp.cpp; path = 1764.cpp; sourceTree = "<group>"; };
		76A13EC428A2B2B800EE9B1D /* 5430.cpp */ = {isa = PBXFileReference; lastKnownFileType = sourcecode.cpp.cpp; path = 5430.cpp; sourceTree = "<group>"; };
		76A13EC528A2BA6000EE9B1D /* 1032.cpp */ = {isa = PBXFileReference; lastKnownFileType = sourcecode.cpp.cpp; path = 1032.cpp; sourceTree = "<group>"; };
		76A13EC628A2DBB700EE9B1D /* 11656.cpp */ = {isa = PBXFileReference; lastKnownFileType = sourcecode.cpp.cpp; path = 11656.cpp; sourceTree = "<group>"; };
		76A13EC728A38CCC00EE9B1D /* 9935.cpp */ = {isa = PBXFileReference; lastKnownFileType = sourcecode.cpp.cpp; path = 9935.cpp; sourceTree = "<group>"; };
		76A13EC828A3938600EE9B1D /* 10815.cpp */ = {isa = PBXFileReference; lastKnownFileType = sourcecode.cpp.cpp; path = 10815.cpp; sourceTree = "<group>"; };
		76A13EC928A5073E00EE9B1D /* 7785.cpp */ = {isa = PBXFileReference; lastKnownFileType = sourcecode.cpp.cpp; path = 7785.cpp; sourceTree = "<group>"; };
		76A13ECA28A64B7600EE9B1D /* 10798.cpp */ = {isa = PBXFileReference; lastKnownFileType = sourcecode.cpp.cpp; path = 10798.cpp; sourceTree = "<group>"; };
		76A13ECB28A7DA8F00EE9B1D /* 1755.cpp */ = {isa = PBXFileReference; lastKnownFileType = sourcecode.cpp.cpp; path = 1755.cpp; sourceTree = "<group>"; };
		76A13ECC28A97EF600EE9B1D /* 4299.cpp */ = {isa = PBXFileReference; lastKnownFileType = sourcecode.cpp.cpp; path = 4299.cpp; sourceTree = "<group>"; };
		76CA85E8289D7E6400B39F43 /* 1065.cpp */ = {isa = PBXFileReference; lastKnownFileType = sourcecode.cpp.cpp; path = 1065.cpp; sourceTree = "<group>"; };
		76CA85E9289D82F100B39F43 /* 1316.cpp */ = {isa = PBXFileReference; lastKnownFileType = sourcecode.cpp.cpp; path = 1316.cpp; sourceTree = "<group>"; };
		76CA85EA289D924900B39F43 /* 1026.cpp */ = {isa = PBXFileReference; lastKnownFileType = sourcecode.cpp.cpp; path = 1026.cpp; sourceTree = "<group>"; };
		76CA85EB289DA19E00B39F43 /* 1541.cpp */ = {isa = PBXFileReference; lastKnownFileType = sourcecode.cpp.cpp; path = 1541.cpp; sourceTree = "<group>"; };
		76CA85EC289E646E00B39F43 /* 10610.cpp */ = {isa = PBXFileReference; lastKnownFileType = sourcecode.cpp.cpp; path = 10610.cpp; sourceTree = "<group>"; };
		76CA85ED289E7C3500B39F43 /* 1439.cpp */ = {isa = PBXFileReference; lastKnownFileType = sourcecode.cpp.cpp; path = 1439.cpp; sourceTree = "<group>"; };
		76CA85EE289EAE6200B39F43 /* 9012.cpp */ = {isa = PBXFileReference; lastKnownFileType = sourcecode.cpp.cpp; path = 9012.cpp; sourceTree = "<group>"; };
		76CA85EF289ECBC000B39F43 /* 1181.cpp */ = {isa = PBXFileReference; lastKnownFileType = sourcecode.cpp.cpp; path = 1181.cpp; sourceTree = "<group>"; };
		76CA85F0289ED2B100B39F43 /* 12871.cpp */ = {isa = PBXFileReference; lastKnownFileType = sourcecode.cpp.cpp; path = 12871.cpp; sourceTree = "<group>"; };
		76CA85F1289F037600B39F43 /* 2751.cpp */ = {isa = PBXFileReference; lastKnownFileType = sourcecode.cpp.cpp; path = 2751.cpp; sourceTree = "<group>"; };
		76CA85F2289FE2EC00B39F43 /* 1018.cpp */ = {isa = PBXFileReference; lastKnownFileType = sourcecode.cpp.cpp; path = 1018.cpp; sourceTree = "<group>"; };
		76CA85F3289FF79700B39F43 /* 10814.cpp */ = {isa = PBXFileReference; lastKnownFileType = sourcecode.cpp.cpp; path = 10814.cpp; sourceTree = "<group>"; };
		76CA85F428A0313D00B39F43 /* 11650.cpp */ = {isa = PBXFileReference; lastKnownFileType = sourcecode.cpp.cpp; path = 11650.cpp; sourceTree = "<group>"; };
		76CA85F528A0380700B39F43 /* 11866.cpp */ = {isa = PBXFileReference; lastKnownFileType = sourcecode.cpp.cpp; path = 11866.cpp; sourceTree = "<group>"; };
		76CA85F628A038B600B39F43 /* 11651.cpp */ = {isa = PBXFileReference; lastKnownFileType = sourcecode.cpp.cpp; path = 11651.cpp; sourceTree = "<group>"; };
		76CA85F728A0456A00B39F43 /* 10250.cpp */ = {isa = PBXFileReference; lastKnownFileType = sourcecode.cpp.cpp; path = 10250.cpp; sourceTree = "<group>"; };
		76CA85F828A04A5D00B39F43 /* 2798.cpp */ = {isa = PBXFileReference; lastKnownFileType = sourcecode.cpp.cpp; path = 2798.cpp; sourceTree = "<group>"; };
		76CA85F928A0592A00B39F43 /* 10816.cpp */ = {isa = PBXFileReference; lastKnownFileType = sourcecode.cpp.cpp; path = 10816.cpp; sourceTree = "<group>"; };
		76CA85FA28A2508600B39F43 /* 2775.cpp */ = {isa = PBXFileReference; lastKnownFileType = sourcecode.cpp.cpp; path = 2775.cpp; sourceTree = "<group>"; };
		76D88F17286B06AA007643CA /* 4101.c */ = {isa = PBXFileReference; lastKnownFileType = sourcecode.c.c; path = 4101.c; sourceTree = "<group>"; };
		76D88F18286B0828007643CA /* 4999.c */ = {isa = PBXFileReference; lastKnownFileType = sourcecode.c.c; path = 4999.c; sourceTree = "<group>"; };
		76D88F19286B08C4007643CA /* 8545.c */ = {isa = PBXFileReference; lastKnownFileType = sourcecode.c.c; path = 8545.c; sourceTree = "<group>"; };
		76D88F1A286B0CE6007643CA /* 25304.c */ = {isa = PBXFileReference; lastKnownFileType = sourcecode.c.c; path = 25304.c; sourceTree = "<group>"; };
		76D88F1B286B1056007643CA /* 25238.c */ = {isa = PBXFileReference; lastKnownFileType = sourcecode.c.c; path = 25238.c; sourceTree = "<group>"; };
		76D88F1C286B68A1007643CA /* 1264.c */ = {isa = PBXFileReference; lastKnownFileType = sourcecode.c.c; path = 1264.c; sourceTree = "<group>"; };
		76D88F1D286B6E3B007643CA /* 24568.c */ = {isa = PBXFileReference; lastKnownFileType = sourcecode.c.c; path = 24568.c; sourceTree = "<group>"; };
		76D88F1E286B701C007643CA /* 24736.c */ = {isa = PBXFileReference; lastKnownFileType = sourcecode.c.c; path = 24736.c; sourceTree = "<group>"; };
		76D88F1F286B72D7007643CA /* 24860.c */ = {isa = PBXFileReference; lastKnownFileType = sourcecode.c.c; path = 24860.c; sourceTree = "<group>"; };
		76D88F20286B7395007643CA /* 24262.c */ = {isa = PBXFileReference; lastKnownFileType = sourcecode.c.c; path = 24262.c; sourceTree = "<group>"; };
		76D88F21286B78C1007643CA /* 11945.c */ = {isa = PBXFileReference; lastKnownFileType = sourcecode.c.c; path = 11945.c; sourceTree = "<group>"; };
		76D88F22286C47A9007643CA /* 1225.c */ = {isa = PBXFileReference; lastKnownFileType = sourcecode.c.c; path = 1225.c; sourceTree = "<group>"; };
		76D88F23286C9D13007643CA /* 8949.c */ = {isa = PBXFileReference; lastKnownFileType = sourcecode.c.c; path = 8949.c; sourceTree = "<group>"; };
		76D88F24286CA059007643CA /* 2750.c */ = {isa = PBXFileReference; lastKnownFileType = sourcecode.c.c; path = 2750.c; sourceTree = "<group>"; };
		76D88F25286CA47F007643CA /* 1934.c */ = {isa = PBXFileReference; lastKnownFileType = sourcecode.c.c; path = 1934.c; sourceTree = "<group>"; };
		76D88F26286CABA8007643CA /* 2581.c */ = {isa = PBXFileReference; lastKnownFileType = sourcecode.c.c; path = 2581.c; sourceTree = "<group>"; };
		76D88F27286CB3A2007643CA /* 2153.c */ = {isa = PBXFileReference; lastKnownFileType = sourcecode.c.c; path = 2153.c; sourceTree = "<group>"; };
		76D88F28286CB555007643CA /* 5347.c */ = {isa = PBXFileReference; lastKnownFileType = sourcecode.c.c; path = 5347.c; sourceTree = "<group>"; };
		76D88F29286CBD12007643CA /* 11653.c */ = {isa = PBXFileReference; lastKnownFileType = sourcecode.c.c; path = 11653.c; sourceTree = "<group>"; };
		76D88F2A286CC010007643CA /* 14563.c */ = {isa = PBXFileReference; lastKnownFileType = sourcecode.c.c; path = 14563.c; sourceTree = "<group>"; };
		76D88F2C286DF26F007643CA /* 2857.c */ = {isa = PBXFileReference; lastKnownFileType = sourcecode.c.c; path = 2857.c; sourceTree = "<group>"; };
		76D88F2D286F667E007643CA /* 2530.c */ = {isa = PBXFileReference; lastKnownFileType = sourcecode.c.c; path = 2530.c; sourceTree = "<group>"; };
		76D88F2E286F6F2B007643CA /* 10984.c */ = {isa = PBXFileReference; lastKnownFileType = sourcecode.c.c; path = 10984.c; sourceTree = "<group>"; };
		76D88F2F2871ABC2007643CA /* 2525.c */ = {isa = PBXFileReference; lastKnownFileType = sourcecode.c.c; path = 2525.c; sourceTree = "<group>"; };
		76D88F302871BCCC007643CA /* 10828.c */ = {isa = PBXFileReference; lastKnownFileType = sourcecode.c.c; path = 10828.c; sourceTree = "<group>"; };
		76D88F312871BF7A007643CA /* 2440.c */ = {isa = PBXFileReference; lastKnownFileType = sourcecode.c.c; path = 2440.c; sourceTree = "<group>"; };
		76D88F3228721543007643CA /* 10817.c */ = {isa = PBXFileReference; lastKnownFileType = sourcecode.c.c; path = 10817.c; sourceTree = "<group>"; };
		76D88F3328721C35007643CA /* 10988.c */ = {isa = PBXFileReference; lastKnownFileType = sourcecode.c.c; path = 10988.c; sourceTree = "<group>"; };
		76D88F3428721F10007643CA /* 16916.c */ = {isa = PBXFileReference; lastKnownFileType = sourcecode.c.c; path = 16916.c; sourceTree = "<group>"; };
		76D88F3528722137007643CA /* 2902.c */ = {isa = PBXFileReference; lastKnownFileType = sourcecode.c.c; path = 2902.c; sourceTree = "<group>"; };
		76D88F3628722AF8007643CA /* 15725.c */ = {isa = PBXFileReference; lastKnownFileType = sourcecode.c.c; path = 15725.c; sourceTree = "<group>"; };
		76D88F3728723B60007643CA /* 2693.c */ = {isa = PBXFileReference; lastKnownFileType = sourcecode.c.c; path = 2693.c; sourceTree = "<group>"; };
		76D88F38287242AC007643CA /* 14912.c */ = {isa = PBXFileReference; lastKnownFileType = sourcecode.c.c; path = 14912.c; sourceTree = "<group>"; };
		76D88F392872DB34007643CA /* 4806.c */ = {isa = PBXFileReference; lastKnownFileType = sourcecode.c.c; path = 4806.c; sourceTree = "<group>"; };
		76D88F3A2872DFCB007643CA /* 10820.c */ = {isa = PBXFileReference; lastKnownFileType = sourcecode.c.c; path = 10820.c; sourceTree = "<group>"; };
		76D88F3B2872E342007643CA /* 2588.c */ = {isa = PBXFileReference; lastKnownFileType = sourcecode.c.c; path = 2588.c; sourceTree = "<group>"; };
		76D88F3C2874B7B0007643CA /* 15596.c */ = {isa = PBXFileReference; lastKnownFileType = sourcecode.c.c; path = 15596.c; sourceTree = "<group>"; };
		76D88F3D2875B98D007643CA /* 2839.cpp */ = {isa = PBXFileReference; lastKnownFileType = sourcecode.cpp.cpp; path = 2839.cpp; sourceTree = "<group>"; };
		76D88F3E2875C1D6007643CA /* 4673.cpp */ = {isa = PBXFileReference; lastKnownFileType = sourcecode.cpp.cpp; path = 4673.cpp; sourceTree = "<group>"; };
		76D88F3F2875C96D007643CA /* 2231.cpp */ = {isa = PBXFileReference; lastKnownFileType = sourcecode.cpp.cpp; path = 2231.cpp; sourceTree = "<group>"; };
		76D88F402875CF74007643CA /* 10845.cpp */ = {isa = PBXFileReference; lastKnownFileType = sourcecode.cpp.cpp; path = 10845.cpp; sourceTree = "<group>"; };
		76D88F412875D6D2007643CA /* 10866.cpp */ = {isa = PBXFileReference; lastKnownFileType = sourcecode.cpp.cpp; path = 10866.cpp; sourceTree = "<group>"; };
		76D88F422875DC0A007643CA /* 11719.cpp */ = {isa = PBXFileReference; lastKnownFileType = sourcecode.cpp.cpp; path = 11719.cpp; sourceTree = "<group>"; };
		76D88F432875E831007643CA /* 1436.cpp */ = {isa = PBXFileReference; lastKnownFileType = sourcecode.cpp.cpp; path = 1436.cpp; sourceTree = "<group>"; };
		76D88F442875F6F0007643CA /* 10824.cpp */ = {isa = PBXFileReference; lastKnownFileType = sourcecode.cpp.cpp; path = 10824.cpp; sourceTree = "<group>"; };
		76D88F452875FC4B007643CA /* 10102.cpp */ = {isa = PBXFileReference; lastKnownFileType = sourcecode.cpp.cpp; path = 10102.cpp; sourceTree = "<group>"; };
		76D88F46287626AC007643CA /* 1712.cpp */ = {isa = PBXFileReference; lastKnownFileType = sourcecode.cpp.cpp; path = 1712.cpp; sourceTree = "<group>"; };
		76D88F4728762824007643CA /* 10039.cpp */ = {isa = PBXFileReference; lastKnownFileType = sourcecode.cpp.cpp; path = 10039.cpp; sourceTree = "<group>"; };
		76D88F4828762BFB007643CA /* 2747.cpp */ = {isa = PBXFileReference; lastKnownFileType = sourcecode.cpp.cpp; path = 2747.cpp; sourceTree = "<group>"; };
		76D88F4928762DD9007643CA /* 2748.cpp */ = {isa = PBXFileReference; lastKnownFileType = sourcecode.cpp.cpp; path = 2748.cpp; sourceTree = "<group>"; };
		76D88F4A2876306D007643CA /* 5543.cpp */ = {isa = PBXFileReference; lastKnownFileType = sourcecode.cpp.cpp; path = 5543.cpp; sourceTree = "<group>"; };
		76D88F4B28763324007643CA /* 2490.cpp */ = {isa = PBXFileReference; lastKnownFileType = sourcecode.cpp.cpp; path = 2490.cpp; sourceTree = "<group>"; };
		76D88F4C28763955007643CA /* 3009.cpp */ = {isa = PBXFileReference; lastKnownFileType = sourcecode.cpp.cpp; path = 3009.cpp; sourceTree = "<group>"; };
		76D88F4D28782202007643CA /* 1929.cpp */ = {isa = PBXFileReference; lastKnownFileType = sourcecode.cpp.cpp; path = 1929.cpp; sourceTree = "<group>"; };
		76D88F4E28789116007643CA /* 2164.cpp */ = {isa = PBXFileReference; lastKnownFileType = sourcecode.cpp.cpp; path = 2164.cpp; sourceTree = "<group>"; };
		76D88F4F28789561007643CA /* 10886.cpp */ = {isa = PBXFileReference; lastKnownFileType = sourcecode.cpp.cpp; path = 10886.cpp; sourceTree = "<group>"; };
		76D88F50287899B2007643CA /* 4504.cpp */ = {isa = PBXFileReference; lastKnownFileType = sourcecode.cpp.cpp; path = 4504.cpp; sourceTree = "<group>"; };
		76D88F512879F503007643CA /* 5086.cpp */ = {isa = PBXFileReference; lastKnownFileType = sourcecode.cpp.cpp; path = 5086.cpp; sourceTree = "<group>"; };
		76D88F52287B4966007643CA /* 2935.cpp */ = {isa = PBXFileReference; lastKnownFileType = sourcecode.cpp.cpp; path = 2935.cpp; sourceTree = "<group>"; };
		76D88F53287CA133007643CA /* 3053.cpp */ = {isa = PBXFileReference; lastKnownFileType = sourcecode.cpp.cpp; path = 3053.cpp; sourceTree = "<group>"; };
		76D88F54287CA78E007643CA /* 1789.cpp */ = {isa = PBXFileReference; lastKnownFileType = sourcecode.cpp.cpp; path = 1789.cpp; sourceTree = "<group>"; };
		76D88F55287CADAE007643CA /* 2476.cpp */ = {isa = PBXFileReference; lastKnownFileType = sourcecode.cpp.cpp; path = 2476.cpp; sourceTree = "<group>"; };
		76D88F56287DE452007643CA /* 5988.cpp */ = {isa = PBXFileReference; lastKnownFileType = sourcecode.cpp.cpp; path = 5988.cpp; sourceTree = "<group>"; };
		76D88F57287DF025007643CA /* 6996.cpp */ = {isa = PBXFileReference; lastKnownFileType = sourcecode.cpp.cpp; path = 6996.cpp; sourceTree = "<group>"; };
		76D88F58287DF269007643CA /* 3062.cpp */ = {isa = PBXFileReference; lastKnownFileType = sourcecode.cpp.cpp; path = 3062.cpp; sourceTree = "<group>"; };
		76D88F59287F05FA007643CA /* 5622.cpp */ = {isa = PBXFileReference; lastKnownFileType = sourcecode.cpp.cpp; path = 5622.cpp; sourceTree = "<group>"; };
		76D88F5A287F092A007643CA /* 2953.cpp */ = {isa = PBXFileReference; lastKnownFileType = sourcecode.cpp.cpp; path = 2953.cpp; sourceTree = "<group>"; };
		76D88F5B287F09CE007643CA /* 5565.cpp */ = {isa = PBXFileReference; lastKnownFileType = sourcecode.cpp.cpp; path = 5565.cpp; sourceTree = "<group>"; };
		76D88F5C287F0A9D007643CA /* 10156.cpp */ = {isa = PBXFileReference; lastKnownFileType = sourcecode.cpp.cpp; path = 10156.cpp; sourceTree = "<group>"; };
		76D88F5D287F0C7F007643CA /* 5063.cpp */ = {isa = PBXFileReference; lastKnownFileType = sourcecode.cpp.cpp; path = 5063.cpp; sourceTree = "<group>"; };
		76D88F5E287F0D7D007643CA /* 2587.cpp */ = {isa = PBXFileReference; lastKnownFileType = sourcecode.cpp.cpp; path = 2587.cpp; sourceTree = "<group>"; };
		76D88F5F287F0F93007643CA /* 9085.cpp */ = {isa = PBXFileReference; lastKnownFileType = sourcecode.cpp.cpp; path = 9085.cpp; sourceTree = "<group>"; };
		76D88F60287F1658007643CA /* 2355.cpp */ = {isa = PBXFileReference; lastKnownFileType = sourcecode.cpp.cpp; path = 2355.cpp; sourceTree = "<group>"; };
		76D88F61287F16D6007643CA /* 9295.cpp */ = {isa = PBXFileReference; lastKnownFileType = sourcecode.cpp.cpp; path = 9295.cpp; sourceTree = "<group>"; };
		76D88F62287F1FC1007643CA /* 5800.cpp */ = {isa = PBXFileReference; lastKnownFileType = sourcecode.cpp.cpp; path = 5800.cpp; sourceTree = "<group>"; };
/* End PBXFileReference section */

/* Begin PBXFrameworksBuildPhase section */
		767B673927F9B4AF007EDB83 /* Frameworks */ = {
			isa = PBXFrameworksBuildPhase;
			buildActionMask = 2147483647;
			files = (
			);
			runOnlyForDeploymentPostprocessing = 0;
		};
/* End PBXFrameworksBuildPhase section */

/* Begin PBXGroup section */
		767B673327F9B4AF007EDB83 = {
			isa = PBXGroup;
			children = (
				767B673E27F9B4AF007EDB83 /* baekjoon */,
				767B673D27F9B4AF007EDB83 /* Products */,
			);
			sourceTree = "<group>";
		};
		767B673D27F9B4AF007EDB83 /* Products */ = {
			isa = PBXGroup;
			children = (
				767B673C27F9B4AF007EDB83 /* baekjoon */,
			);
			name = Products;
			sourceTree = "<group>";
		};
		767B673E27F9B4AF007EDB83 /* baekjoon */ = {
			isa = PBXGroup;
			children = (
				767B674627F9B4D8007EDB83 /* 1000.c */,
				767B674827F9B5A5007EDB83 /* 1001.c */,
				767B6789280586CD007EDB83 /* 1008.c */,
				76CA85F2289FE2EC00B39F43 /* 1018.cpp */,
				76CA85EA289D924900B39F43 /* 1026.cpp */,
				76A13EC528A2BA6000EE9B1D /* 1032.cpp */,
				76136B43288087A600734C48 /* 1037.cpp */,
				76CA85E8289D7E6400B39F43 /* 1065.cpp */,
				767B67DA2806D560007EDB83 /* 1085.c */,
				767B67DE2807E524007EDB83 /* 1110.c */,
				767B67D4280602BB007EDB83 /* 1157.c */,
				76089663285DD09700323E89 /* 1181.c */,
				76CA85EF289ECBC000B39F43 /* 1181.cpp */,
				76D88F22286C47A9007643CA /* 1225.c */,
				767B67DD2806F56A007EDB83 /* 1259.c */,
				76D88F1C286B68A1007643CA /* 1264.c */,
				7619CCC42881807D0099DA35 /* 1302.cpp */,
				76CA85E9289D82F100B39F43 /* 1316.cpp */,
				767B67BE280588BA007EDB83 /* 1330.c */,
				7619CCD6288401310099DA35 /* 1343.cpp */,
				767B67DF2807EC29007EDB83 /* 1357.c */,
				76089664286A257200323E89 /* 1427.c */,
				76D88F432875E831007643CA /* 1436.cpp */,
				76CA85ED289E7C3500B39F43 /* 1439.cpp */,
				76CA85EB289DA19E00B39F43 /* 1541.cpp */,
				767B67BF280598B6007EDB83 /* 1546.c */,
				76861BFE28155071004004ED /* 1550.c */,
				76D88F46287626AC007643CA /* 1712.cpp */,
				76A13EC328A284CC00EE9B1D /* 1764.cpp */,
				76D88F54287CA78E007643CA /* 1789.cpp */,
				7619CCD12882CDC30099DA35 /* 1920.cpp */,
				767B67E12807F3C4007EDB83 /* 1924.c */,
				76D88F4D28782202007643CA /* 1929.cpp */,
				7619CCD8288B12C60099DA35 /* 1931.cpp */,
				76D88F25286CA47F007643CA /* 1934.c */,
				76A13EC128A266B900EE9B1D /* 1966.cpp */,
				767B67E02807F095007EDB83 /* 1977.c */,
				767B67DC2806D936007EDB83 /* 1978.c */,
				76D88F27286CB3A2007643CA /* 2153.c */,
				76D88F4E28789116007643CA /* 2164.cpp */,
				76D88F3F2875C96D007643CA /* 2231.cpp */,
				76D88F60287F1658007643CA /* 2355.cpp */,
				767B67C028059953007EDB83 /* 2438.c */,
				767B67C128059A01007EDB83 /* 2439.c */,
				76D88F312871BF7A007643CA /* 2440.c */,
				7608965D285DB1DB00323E89 /* 2441.c */,
				7608965E285DBA6000323E89 /* 2442.c */,
				7608965F285DBAD900323E89 /* 2443.c */,
				76089660285DBB2700323E89 /* 2444.c */,
				76089661285DBBCA00323E89 /* 2446.c */,
				767B674E27F9BBCB007EDB83 /* 2475.c */,
				76D88F55287CADAE007643CA /* 2476.cpp */,
				7608966B286A3F5F00323E89 /* 2480.c */,
				76D88F4B28763324007643CA /* 2490.cpp */,
				76136B412880750200734C48 /* 2501.cpp */,
				76D88F2F2871ABC2007643CA /* 2525.c */,
				76D88F2D286F667E007643CA /* 2530.c */,
				767B674A27F9B5E9007EDB83 /* 2557.c */,
				767B674F27F9BCBD007EDB83 /* 2558.c */,
				767B67C228059B34007EDB83 /* 2562.c */,
				76136B4428808A5600734C48 /* 2576.cpp */,
				767B67D22805E38E007EDB83 /* 2577.c */,
				76D88F26286CABA8007643CA /* 2581.c */,
				76D88F5E287F0D7D007643CA /* 2587.cpp */,
				76D88F3B2872E342007643CA /* 2588.c */,
				767B67D92806D140007EDB83 /* 2609.c */,
				767B67D32805EA26007EDB83 /* 2675.c */,
				76D88F3728723B60007643CA /* 2693.c */,
				76089662285DBD6300323E89 /* 2702.c */,
				76089653285BBF2E00323E89 /* 2738.c */,
				767B67C428059FA8007EDB83 /* 2739.c */,
				767B67C62805A009007EDB83 /* 2741.c */,
				76089654285BBFEF00323E89 /* 2743.c */,
				76089655285BC17900323E89 /* 2744.c */,
				76D88F4828762BFB007643CA /* 2747.cpp */,
				76D88F4928762DD9007643CA /* 2748.cpp */,
				76D88F24286CA059007643CA /* 2750.c */,
				76CA85F1289F037600B39F43 /* 2751.cpp */,
				767B67D02805B9FD007EDB83 /* 2753.c */,
				76089656285BC35C00323E89 /* 2754.c */,
				7619CCD22882D2F40099DA35 /* 2755.cpp */,
				76CA85FA28A2508600B39F43 /* 2775.cpp */,
				76CA85F828A04A5D00B39F43 /* 2798.cpp */,
				76D88F3D2875B98D007643CA /* 2839.cpp */,
				767B675027F9BF13007EDB83 /* 2845.c */,
				7608965C285D19C200323E89 /* 2846.c */,
				76D88F2C286DF26F007643CA /* 2857.c */,
				7619CCD9288C5D860099DA35 /* 2869.cpp */,
				767B67CB2805AA52007EDB83 /* 2884.c */,
				76D88F3528722137007643CA /* 2902.c */,
				767B67CC2805AE5A007EDB83 /* 2908.c */,
				767B67D12805DEC5007EDB83 /* 2920.c */,
				76D88F52287B4966007643CA /* 2935.cpp */,
				76136B40287F56D500734C48 /* 2941.cpp */,
				76D88F5A287F092A007643CA /* 2953.cpp */,
				767B675127F9C54B007EDB83 /* 3003.c */,
				76D88F4C28763955007643CA /* 3009.cpp */,
				767B675227F9C620007EDB83 /* 3046.c */,
				767B67D62806BB9A007EDB83 /* 3052.c */,
				76D88F53287CA133007643CA /* 3053.cpp */,
				7619CCCC2881B2C90099DA35 /* 3059.cpp */,
				76D88F58287DF269007643CA /* 3062.cpp */,
				76136B482880A07A00734C48 /* 3135.cpp */,
				76136B452880917000734C48 /* 3460.cpp */,
				7619CCD7288590230099DA35 /* 3733.cpp */,
				76D88F17286B06AA007643CA /* 4101.c */,
				767B67D82806CEA5007EDB83 /* 4153.c */,
				767B67F7280AAB18007EDB83 /* 4344.c */,
				7619CCC7288198CD0099DA35 /* 4458.cpp */,
				76D88F50287899B2007643CA /* 4504.cpp */,
				76D88F3E2875C1D6007643CA /* 4673.cpp */,
				76D88F392872DB34007643CA /* 4806.c */,
				76D88F18286B0828007643CA /* 4999.c */,
				76D88F5D287F0C7F007643CA /* 5063.cpp */,
				76D88F512879F503007643CA /* 5086.cpp */,
				767B675327F9C6E6007EDB83 /* 5337.c */,
				767B675427F9C755007EDB83 /* 5338.c */,
				767B675527F9C856007EDB83 /* 5339.c */,
				76D88F28286CB555007643CA /* 5347.c */,
				76A13EC428A2B2B800EE9B1D /* 5430.cpp */,
				767B675627F9C994007EDB83 /* 5522.c */,
				76D88F4A2876306D007643CA /* 5543.cpp */,
				76D88F5B287F09CE007643CA /* 5565.cpp */,
				7619CCD52883F7460099DA35 /* 5585.cpp */,
				76089652285BBDFC00323E89 /* 5597.c */,
				76136B42288084D500734C48 /* 5598.cpp */,
				76D88F59287F05FA007643CA /* 5622.cpp */,
				7619CCC5288187CE0099DA35 /* 5635.cpp */,
				76136B492880ADAA00734C48 /* 5671.cpp */,
				76D88F62287F1FC1007643CA /* 5800.cpp */,
				76D88F56287DE452007643CA /* 5988.cpp */,
				767B675727F9CB80007EDB83 /* 6749.c */,
				76D88F57287DF025007643CA /* 6996.cpp */,
				767B675827F9CC12007EDB83 /* 7287.c */,
				76A13EC228A27E2B00EE9B1D /* 7568.cpp */,
				767B675927F9CD68007EDB83 /* 8370.c */,
				76089668286A33C300323E89 /* 8393.c */,
				76D88F19286B08C4007643CA /* 8545.c */,
				767B675A27F9D60D007EDB83 /* 8871.c */,
				76D88F23286C9D13007643CA /* 8949.c */,
				767B67CD2805B372007EDB83 /* 8958.c */,
				76CA85EE289EAE6200B39F43 /* 9012.cpp */,
				76D88F5F287F0F93007643CA /* 9085.cpp */,
				76089657285BC48300323E89 /* 9086.c */,
				76136B46288094BF00734C48 /* 9093.cpp */,
				76D88F61287F16D6007643CA /* 9295.cpp */,
				767B67CE2805B558007EDB83 /* 9498.c */,
				767B675B27FC1BD1007EDB83 /* 9653.c */,
				767B675C27FDBC64007EDB83 /* 9654.c */,
				76A13EC728A38CCC00EE9B1D /* 9935.cpp */,
				76D88F4728762824007643CA /* 10039.cpp */,
				76D88F452875FC4B007643CA /* 10102.cpp */,
				76D88F5C287F0A9D007643CA /* 10156.cpp */,
				767B675D27FDBD24007EDB83 /* 10170.c */,
				767B674B27F9B62F007EDB83 /* 10171.c */,
				767B675E27FDBDE3007EDB83 /* 10172.c */,
				76CA85F728A0456A00B39F43 /* 10250.cpp */,
				767B67622801C10A007EDB83 /* 10430.c */,
				76CA85EC289E646E00B39F43 /* 10610.cpp */,
				767B67632801C151007EDB83 /* 10699.c */,
				767B674D27F9B678007EDB83 /* 10718.c */,
				7619CCCD2881B5EC0099DA35 /* 10769.cpp */,
				76089651285BBBAD00323E89 /* 10807.c */,
				76089667286A2EB800323E89 /* 10808.c */,
				767B67D52806B2CF007EDB83 /* 10809.c */,
				76CA85F3289FF79700B39F43 /* 10814.cpp */,
				76CA85F928A0592A00B39F43 /* 10816.cpp */,
				76D88F3228721543007643CA /* 10817.c */,
				767B67C72805A2C4007EDB83 /* 10818.c */,
				76D88F3A2872DFCB007643CA /* 10820.c */,
				7619CCC62881962F0099DA35 /* 10821.cpp */,
				7619CCC928819B3D0099DA35 /* 10822.cpp */,
				76D88F442875F6F0007643CA /* 10824.cpp */,
				76D88F302871BCCC007643CA /* 10828.c */,
				76D88F402875CF74007643CA /* 10845.cpp */,
				76D88F412875D6D2007643CA /* 10866.cpp */,
				767B67642801C2A0007EDB83 /* 10869.c */,
				7608965A285D03A600323E89 /* 10870.c */,
				767B67C82805A393007EDB83 /* 10871.c */,
				7608964F285BB98700323E89 /* 10872.c */,
				76D88F4F28789561007643CA /* 10886.cpp */,
				767B67652801C3C3007EDB83 /* 10926.c */,
				767B67C92805A67D007EDB83 /* 10950.c */,
				767B67CF2805B811007EDB83 /* 10951.c */,
				767B67CA2805A86E007EDB83 /* 10952.c */,
				76089666286A295300323E89 /* 10953.c */,
				76D88F2E286F6F2B007643CA /* 10984.c */,
				76D88F3328721C35007643CA /* 10988.c */,
				76A13EC028A2555000EE9B1D /* 10989.cpp */,
				767B67662801C468007EDB83 /* 10998.c */,
				76089669286A345800323E89 /* 11021.c */,
				7608966A286A34A300323E89 /* 11022.c */,
				7619CCD42883F41D0099DA35 /* 11047.cpp */,
				767B67D72806CA85007EDB83 /* 11050.c */,
				7619CCC8288199F60099DA35 /* 11098.cpp */,
				76136B3F287F531000734C48 /* 11365.cpp */,
				767B67672801C88F007EDB83 /* 11382.c */,
				7619CCD32883E7FE0099DA35 /* 11399.cpp */,
				76CA85F428A0313D00B39F43 /* 11650.cpp */,
				76CA85F628A038B600B39F43 /* 11651.cpp */,
				76D88F29286CBD12007643CA /* 11653.c */,
				767B67682801C902007EDB83 /* 11654.c */,
				7608965B285D13A800323E89 /* 11655.c */,
				76A13EC628A2DBB700EE9B1D /* 11656.cpp */,
				76089659285CFFC000323E89 /* 11718.c */,
				76D88F422875DC0A007643CA /* 11719.cpp */,
				767B67C328059DB7007EDB83 /* 11720.c */,
				76089665286A262A00323E89 /* 11721.c */,
				76CA85F528A0380700B39F43 /* 11866.cpp */,
				767B67692801C92F007EDB83 /* 11942.c */,
				76D88F21286B78C1007643CA /* 11945.c */,
				76CA85F0289ED2B100B39F43 /* 12871.cpp */,
				7619CCCB2881AE9F0099DA35 /* 14490.cpp */,
				76D88F2A286CC010007643CA /* 14563.c */,
				767B676B2801CB8C007EDB83 /* 14645.c */,
				767B676C2801DE31007EDB83 /* 14652.c */,
				7608964E285BB5FF00323E89 /* 14681.c */,
				76136B47288099A100734C48 /* 14726.cpp */,
				76D88F38287242AC007643CA /* 14912.c */,
				7619CCD02881E7A00099DA35 /* 14916.cpp */,
				76089650285BBACE00323E89 /* 15552.c */,
				76D88F3C2874B7B0007643CA /* 15596.c */,
				76136B3E287F265A00734C48 /* 15719.cpp */,
				76D88F3628722AF8007643CA /* 15725.c */,
				767B677328028E5C007EDB83 /* 15727.c */,
				767B677428028E91007EDB83 /* 15733.c */,
				767B6775280292E1007EDB83 /* 15894.c */,
				7619CCCA2881A3C10099DA35 /* 15904.cpp */,
				767B67762802946E007EDB83 /* 15962.c */,
				767B67772802950C007EDB83 /* 15964.c */,
				767B677828029585007EDB83 /* 16170.c */,
				767B677928029737007EDB83 /* 16394.c */,
				767B677A2802980B007EDB83 /* 16430.c */,
				76D88F3428721F10007643CA /* 16916.c */,
				7619CCCE2881DB3F0099DA35 /* 17176.cpp */,
				767B677E280564CA007EDB83 /* 17256.c */,
				767B677F2805651A007EDB83 /* 17295.c */,
				767B67802805668D007EDB83 /* 17496.c */,
				767B67812805678B007EDB83 /* 18096.c */,
				767B678228056AB0007EDB83 /* 18108.c */,
				767B678328056BF1007EDB83 /* 18301.c */,
				767B678428056D13007EDB83 /* 20254.c */,
				767B678528056E6A007EDB83 /* 20492.c */,
				767B67862805709A007EDB83 /* 21300.c */,
				76089658285BC6CC00323E89 /* 23037.c */,
				767B67872805723E007EDB83 /* 23234.c */,
				767B6788280572BB007EDB83 /* 24078.c */,
				76D88F20286B7395007643CA /* 24262.c */,
				76D88F1D286B6E3B007643CA /* 24568.c */,
				76D88F1E286B701C007643CA /* 24736.c */,
				76D88F1F286B72D7007643CA /* 24860.c */,
				7608964D285BB4E100323E89 /* 25083.c */,
				7619CCCF2881E06D0099DA35 /* 25206.cpp */,
				76D88F1B286B1056007643CA /* 25238.c */,
				76D88F1A286B0CE6007643CA /* 25304.c */,
				767B673F27F9B4AF007EDB83 /* main.cpp */,
				76A13EC828A3938600EE9B1D /* 10815.cpp */,
				76A13EC928A5073E00EE9B1D /* 7785.cpp */,
				76A13ECA28A64B7600EE9B1D /* 10798.cpp */,
				76A13ECB28A7DA8F00EE9B1D /* 1755.cpp */,
				76A13ECC28A97EF600EE9B1D /* 4299.cpp */,
				7686C9792939CB1A008B20EF /* 2108.cpp */,
				7686C97A2939DCBB008B20EF /* 4949.cpp */,
				7686C97C293A3BA0008B20EF /* 2292.cpp */,
				7686C97D293B5DA8008B20EF /* 14425.cpp */,
				7686C97E293B6DB0008B20EF /* 1543.cpp */,
				7686C97F293B79E1008B20EF /* 11478.cpp */,
				7686C980293B7FEC008B20EF /* 4358.cpp */,
				7686C981293B904F008B20EF /* 15353.cpp */,
				7686C982293BB370008B20EF /* 2870.cpp */,
				7686C983293BBD2E008B20EF /* 1235.cpp */,
			);
			path = baekjoon;
			sourceTree = "<group>";
		};
/* End PBXGroup section */

/* Begin PBXNativeTarget section */
		767B673B27F9B4AF007EDB83 /* baekjoon */ = {
			isa = PBXNativeTarget;
			buildConfigurationList = 767B674327F9B4AF007EDB83 /* Build configuration list for PBXNativeTarget "baekjoon" */;
			buildPhases = (
				767B673827F9B4AF007EDB83 /* Sources */,
				767B673927F9B4AF007EDB83 /* Frameworks */,
				767B673A27F9B4AF007EDB83 /* CopyFiles */,
			);
			buildRules = (
			);
			dependencies = (
			);
			name = baekjoon;
			productName = baekjoon;
			productReference = 767B673C27F9B4AF007EDB83 /* baekjoon */;
			productType = "com.apple.product-type.tool";
		};
/* End PBXNativeTarget section */

/* Begin PBXProject section */
		767B673427F9B4AF007EDB83 /* Project object */ = {
			isa = PBXProject;
			attributes = {
				BuildIndependentTargetsInParallel = 1;
				LastUpgradeCheck = 1320;
				TargetAttributes = {
					767B673B27F9B4AF007EDB83 = {
						CreatedOnToolsVersion = 13.2.1;
					};
				};
			};
			buildConfigurationList = 767B673727F9B4AF007EDB83 /* Build configuration list for PBXProject "baekjoon" */;
			compatibilityVersion = "Xcode 13.0";
			developmentRegion = en;
			hasScannedForEncodings = 0;
			knownRegions = (
				en,
				Base,
			);
			mainGroup = 767B673327F9B4AF007EDB83;
			productRefGroup = 767B673D27F9B4AF007EDB83 /* Products */;
			projectDirPath = "";
			projectRoot = "";
			targets = (
				767B673B27F9B4AF007EDB83 /* baekjoon */,
			);
		};
/* End PBXProject section */

/* Begin PBXSourcesBuildPhase section */
		767B673827F9B4AF007EDB83 /* Sources */ = {
			isa = PBXSourcesBuildPhase;
			buildActionMask = 2147483647;
			files = (
				767B674027F9B4AF007EDB83 /* main.cpp in Sources */,
			);
			runOnlyForDeploymentPostprocessing = 0;
		};
/* End PBXSourcesBuildPhase section */

/* Begin XCBuildConfiguration section */
		767B674127F9B4AF007EDB83 /* Debug */ = {
			isa = XCBuildConfiguration;
			buildSettings = {
				ALWAYS_SEARCH_USER_PATHS = NO;
				CLANG_ANALYZER_NONNULL = YES;
				CLANG_ANALYZER_NUMBER_OBJECT_CONVERSION = YES_AGGRESSIVE;
				CLANG_CXX_LANGUAGE_STANDARD = "gnu++17";
				CLANG_CXX_LIBRARY = "libc++";
				CLANG_ENABLE_MODULES = YES;
				CLANG_ENABLE_OBJC_ARC = YES;
				CLANG_ENABLE_OBJC_WEAK = YES;
				CLANG_WARN_BLOCK_CAPTURE_AUTORELEASING = YES;
				CLANG_WARN_BOOL_CONVERSION = YES;
				CLANG_WARN_COMMA = YES;
				CLANG_WARN_CONSTANT_CONVERSION = YES;
				CLANG_WARN_DEPRECATED_OBJC_IMPLEMENTATIONS = YES;
				CLANG_WARN_DIRECT_OBJC_ISA_USAGE = YES_ERROR;
				CLANG_WARN_DOCUMENTATION_COMMENTS = YES;
				CLANG_WARN_EMPTY_BODY = YES;
				CLANG_WARN_ENUM_CONVERSION = YES;
				CLANG_WARN_INFINITE_RECURSION = YES;
				CLANG_WARN_INT_CONVERSION = YES;
				CLANG_WARN_NON_LITERAL_NULL_CONVERSION = YES;
				CLANG_WARN_OBJC_IMPLICIT_RETAIN_SELF = YES;
				CLANG_WARN_OBJC_LITERAL_CONVERSION = YES;
				CLANG_WARN_OBJC_ROOT_CLASS = YES_ERROR;
				CLANG_WARN_QUOTED_INCLUDE_IN_FRAMEWORK_HEADER = YES;
				CLANG_WARN_RANGE_LOOP_ANALYSIS = YES;
				CLANG_WARN_STRICT_PROTOTYPES = YES;
				CLANG_WARN_SUSPICIOUS_MOVE = YES;
				CLANG_WARN_UNGUARDED_AVAILABILITY = YES_AGGRESSIVE;
				CLANG_WARN_UNREACHABLE_CODE = YES;
				CLANG_WARN__DUPLICATE_METHOD_MATCH = YES;
				COPY_PHASE_STRIP = NO;
				DEBUG_INFORMATION_FORMAT = dwarf;
				ENABLE_STRICT_OBJC_MSGSEND = YES;
				ENABLE_TESTABILITY = YES;
				GCC_C_LANGUAGE_STANDARD = gnu11;
				GCC_DYNAMIC_NO_PIC = NO;
				GCC_NO_COMMON_BLOCKS = YES;
				GCC_OPTIMIZATION_LEVEL = 0;
				GCC_PREPROCESSOR_DEFINITIONS = (
					"DEBUG=1",
					"$(inherited)",
				);
				GCC_WARN_64_TO_32_BIT_CONVERSION = YES;
				GCC_WARN_ABOUT_RETURN_TYPE = YES_ERROR;
				GCC_WARN_UNDECLARED_SELECTOR = YES;
				GCC_WARN_UNINITIALIZED_AUTOS = YES_AGGRESSIVE;
				GCC_WARN_UNUSED_FUNCTION = YES;
				GCC_WARN_UNUSED_VARIABLE = YES;
				MACOSX_DEPLOYMENT_TARGET = 12.1;
				MTL_ENABLE_DEBUG_INFO = INCLUDE_SOURCE;
				MTL_FAST_MATH = YES;
				ONLY_ACTIVE_ARCH = YES;
				SDKROOT = macosx;
			};
			name = Debug;
		};
		767B674227F9B4AF007EDB83 /* Release */ = {
			isa = XCBuildConfiguration;
			buildSettings = {
				ALWAYS_SEARCH_USER_PATHS = NO;
				CLANG_ANALYZER_NONNULL = YES;
				CLANG_ANALYZER_NUMBER_OBJECT_CONVERSION = YES_AGGRESSIVE;
				CLANG_CXX_LANGUAGE_STANDARD = "gnu++17";
				CLANG_CXX_LIBRARY = "libc++";
				CLANG_ENABLE_MODULES = YES;
				CLANG_ENABLE_OBJC_ARC = YES;
				CLANG_ENABLE_OBJC_WEAK = YES;
				CLANG_WARN_BLOCK_CAPTURE_AUTORELEASING = YES;
				CLANG_WARN_BOOL_CONVERSION = YES;
				CLANG_WARN_COMMA = YES;
				CLANG_WARN_CONSTANT_CONVERSION = YES;
				CLANG_WARN_DEPRECATED_OBJC_IMPLEMENTATIONS = YES;
				CLANG_WARN_DIRECT_OBJC_ISA_USAGE = YES_ERROR;
				CLANG_WARN_DOCUMENTATION_COMMENTS = YES;
				CLANG_WARN_EMPTY_BODY = YES;
				CLANG_WARN_ENUM_CONVERSION = YES;
				CLANG_WARN_INFINITE_RECURSION = YES;
				CLANG_WARN_INT_CONVERSION = YES;
				CLANG_WARN_NON_LITERAL_NULL_CONVERSION = YES;
				CLANG_WARN_OBJC_IMPLICIT_RETAIN_SELF = YES;
				CLANG_WARN_OBJC_LITERAL_CONVERSION = YES;
				CLANG_WARN_OBJC_ROOT_CLASS = YES_ERROR;
				CLANG_WARN_QUOTED_INCLUDE_IN_FRAMEWORK_HEADER = YES;
				CLANG_WARN_RANGE_LOOP_ANALYSIS = YES;
				CLANG_WARN_STRICT_PROTOTYPES = YES;
				CLANG_WARN_SUSPICIOUS_MOVE = YES;
				CLANG_WARN_UNGUARDED_AVAILABILITY = YES_AGGRESSIVE;
				CLANG_WARN_UNREACHABLE_CODE = YES;
				CLANG_WARN__DUPLICATE_METHOD_MATCH = YES;
				COPY_PHASE_STRIP = NO;
				DEBUG_INFORMATION_FORMAT = "dwarf-with-dsym";
				ENABLE_NS_ASSERTIONS = NO;
				ENABLE_STRICT_OBJC_MSGSEND = YES;
				GCC_C_LANGUAGE_STANDARD = gnu11;
				GCC_NO_COMMON_BLOCKS = YES;
				GCC_WARN_64_TO_32_BIT_CONVERSION = YES;
				GCC_WARN_ABOUT_RETURN_TYPE = YES_ERROR;
				GCC_WARN_UNDECLARED_SELECTOR = YES;
				GCC_WARN_UNINITIALIZED_AUTOS = YES_AGGRESSIVE;
				GCC_WARN_UNUSED_FUNCTION = YES;
				GCC_WARN_UNUSED_VARIABLE = YES;
				MACOSX_DEPLOYMENT_TARGET = 12.1;
				MTL_ENABLE_DEBUG_INFO = NO;
				MTL_FAST_MATH = YES;
				SDKROOT = macosx;
			};
			name = Release;
		};
		767B674427F9B4AF007EDB83 /* Debug */ = {
			isa = XCBuildConfiguration;
			buildSettings = {
				CODE_SIGN_STYLE = Automatic;
				PRODUCT_NAME = "$(TARGET_NAME)";
			};
			name = Debug;
		};
		767B674527F9B4AF007EDB83 /* Release */ = {
			isa = XCBuildConfiguration;
			buildSettings = {
				CODE_SIGN_STYLE = Automatic;
				PRODUCT_NAME = "$(TARGET_NAME)";
			};
			name = Release;
		};
/* End XCBuildConfiguration section */

/* Begin XCConfigurationList section */
		767B673727F9B4AF007EDB83 /* Build configuration list for PBXProject "baekjoon" */ = {
			isa = XCConfigurationList;
			buildConfigurations = (
				767B674127F9B4AF007EDB83 /* Debug */,
				767B674227F9B4AF007EDB83 /* Release */,
			);
			defaultConfigurationIsVisible = 0;
			defaultConfigurationName = Release;
		};
		767B674327F9B4AF007EDB83 /* Build configuration list for PBXNativeTarget "baekjoon" */ = {
			isa = XCConfigurationList;
			buildConfigurations = (
				767B674427F9B4AF007EDB83 /* Debug */,
				767B674527F9B4AF007EDB83 /* Release */,
			);
			defaultConfigurationIsVisible = 0;
			defaultConfigurationName = Release;
		};
/* End XCConfigurationList section */
	};
	rootObject = 767B673427F9B4AF007EDB83 /* Project object */;
}
